// !$*UTF8*$!
{
 archiveVersion = 1;
 classes = {};
 objectVersion = 56;
 objects = {
  A00000000000000000000001 = {isa = PBXProject; attributes = {LastUpgradeCheck = 2700;}; buildConfigurationList = A00000000000000000000002; compatibilityVersion = "Xcode 14.0"; developmentRegion = en; hasScannedForEncodings = 0; knownRegions = (en, Base); mainGroup = A00000000000000000000003; productRefGroup = A00000000000000000000004; projectDirPath = ""; projectRoot = ""; targets = (A00000000000000000000005);};
  A00000000000000000000002 = {isa = XCConfigurationList; buildConfigurations = (A00000000000000000000006); defaultConfigurationIsVisible = 0; defaultConfigurationName = Debug;};
  A00000000000000000000003 = {isa = PBXGroup; children = (A00000000000000000000007, A00000000000000000000008, A00000000000000000000004, BFFFFFFFFFFFFFFFFFFFFFFF); sourceTree = "<group>";};
  A00000000000000000000004 = {isa = PBXGroup; children = (A00000000000000000000009); name = Products; sourceTree = "<group>";};
  A00000000000000000000005 = {isa = PBXNativeTarget; buildConfigurationList = A0000000000000000000000A; buildPhases = (A0000000000000000000000B, A0000000000000000000000C, A0000000000000000000000D); buildRules = (); dependencies = (); name = MindBudgetFXCloudProbe; productName = MindBudgetFXCloudProbe; productReference = A00000000000000000000009; productType = "com.apple.product-type.application";};
  A00000000000000000000006 = {isa = XCBuildConfiguration; buildSettings = {CLANG_ENABLE_MODULES = YES; IPHONEOS_DEPLOYMENT_TARGET = 17.0; SDKROOT = iphoneos; SWIFT_VERSION = 6.0;}; name = Debug;};
  A00000000000000000000007 = {isa = PBXFileReference; lastKnownFileType = sourcecode.swift; path = ProbeApp.swift; sourceTree = "<group>";};
  A00000000000000000000008 = {isa = PBXFileReference; lastKnownFileType = text.plist.entitlements; path = Probe.entitlements; sourceTree = "<group>";};
  A00000000000000000000009 = {isa = PBXFileReference; explicitFileType = wrapper.application; includeInIndex = 0; path = MindBudgetFXCloudProbe.app; sourceTree = BUILT_PRODUCTS_DIR;};
  A0000000000000000000000A = {isa = XCConfigurationList; buildConfigurations = (A0000000000000000000000E); defaultConfigurationIsVisible = 0; defaultConfigurationName = Debug;};
  A0000000000000000000000B = {isa = PBXSourcesBuildPhase; buildActionMask = 2147483647; files = (A0000000000000000000000F, C00000000000000000000001, C00000000000000000000002, C00000000000000000000003, C00000000000000000000004, C00000000000000000000005, C00000000000000000000006, C00000000000000000000007, C00000000000000000000008, C00000000000000000000009, C0000000000000000000000A, C0000000000000000000000B, C0000000000000000000000C, C0000000000000000000000D, C0000000000000000000000E, C0000000000000000000000F, C00000000000000000000010, C00000000000000000000011, C00000000000000000000012, C00000000000000000000013, C00000000000000000000014, C00000000000000000000015, C00000000000000000000016, C00000000000000000000017, C00000000000000000000018, C00000000000000000000019, C0000000000000000000001A, C0000000000000000000001B, C0000000000000000000001C, C0000000000000000000001D, C0000000000000000000001E, C0000000000000000000001F, C00000000000000000000020, C00000000000000000000021, C00000000000000000000022, C00000000000000000000023, C00000000000000000000024); runOnlyForDeploymentPostprocessing = 0;};
  A0000000000000000000000C = {isa = PBXFrameworksBuildPhase; buildActionMask = 2147483647; files = (); runOnlyForDeploymentPostprocessing = 0;};
  A0000000000000000000000D = {isa = PBXResourcesBuildPhase; buildActionMask = 2147483647; files = (); runOnlyForDeploymentPostprocessing = 0;};
  A0000000000000000000000E = {isa = XCBuildConfiguration; buildSettings = {
    CODE_SIGN_ENTITLEMENTS = Probe.entitlements;
    CODE_SIGN_STYLE = Manual;
    CODE_SIGN_IDENTITY = "Apple Development";
    DEVELOPMENT_TEAM = 2AM5S7BM2N;
    PROVISIONING_PROFILE_SPECIFIER = "";
    CURRENT_PROJECT_VERSION = 1;
    GENERATE_INFOPLIST_FILE = YES;
    INFOPLIST_KEY_CFBundleDisplayName = "FX Cloud Probe";
    INFOPLIST_KEY_UILaunchScreen_Generation = YES;
    MARKETING_VERSION = 0.1;
    PRODUCT_BUNDLE_IDENTIFIER = com.xdgf558.MindBudgetFXCloudProbe;
    PRODUCT_NAME = "$(TARGET_NAME)";
    SDKROOT = iphoneos;
    SKIP_INSTALL = YES;
    SUPPORTED_PLATFORMS = "iphoneos iphonesimulator";
    SUPPORTS_MACCATALYST = NO;
    SWIFT_ACTIVE_COMPILATION_CONDITIONS = "DEBUG MINDBUDGET_FX_CLOUD_PROBE";
    SWIFT_OPTIMIZATION_LEVEL = "-Onone";
    SWIFT_STRICT_CONCURRENCY = complete;
    TARGETED_DEVICE_FAMILY = 1;
  }; name = Debug;};
  A0000000000000000000000F = {isa = PBXBuildFile; fileRef = A00000000000000000000007;};
  B00000000000000000000001 = {isa = PBXFileReference; lastKnownFileType = sourcecode.swift; path = "ProbeProtocol.swift"; sourceTree = "<group>";};
  C00000000000000000000001 = {isa = PBXBuildFile; fileRef = B00000000000000000000001;};
  B00000000000000000000002 = {isa = PBXFileReference; lastKnownFileType = sourcecode.swift; path = "ProbeLifecycle.swift"; sourceTree = "<group>";};
  C00000000000000000000002 = {isa = PBXBuildFile; fileRef = B00000000000000000000002;};
  B00000000000000000000003 = {isa = PBXFileReference; lastKnownFileType = sourcecode.swift; path = "ProbeEntry.swift"; sourceTree = "<group>";};
  C00000000000000000000003 = {isa = PBXBuildFile; fileRef = B00000000000000000000003;};
  B00000000000000000000004 = {isa = PBXFileReference; lastKnownFileType = sourcecode.swift; path = "ProbeSupport.swift"; sourceTree = "<group>";};
  C00000000000000000000004 = {isa = PBXBuildFile; fileRef = B00000000000000000000004;};
  B00000000000000000000005 = {isa = PBXFileReference; lastKnownFileType = sourcecode.swift; path = "../../MindBudget/Commerce/EntitlementDomain.swift"; sourceTree = "<group>";};
  C00000000000000000000005 = {isa = PBXBuildFile; fileRef = B00000000000000000000005;};
  B00000000000000000000006 = {isa = PBXFileReference; lastKnownFileType = sourcecode.swift; path = "../../MindBudget/Commerce/FeatureAccessService.swift"; sourceTree = "<group>";};
  C00000000000000000000006 = {isa = PBXBuildFile; fileRef = B00000000000000000000006;};
  B00000000000000000000007 = {isa = PBXFileReference; lastKnownFileType = sourcecode.swift; path = "../../MindBudget/Data/CloudSyncDataActor.swift"; sourceTree = "<group>";};
  C00000000000000000000007 = {isa = PBXBuildFile; fileRef = B00000000000000000000007;};
  B00000000000000000000008 = {isa = PBXFileReference; lastKnownFileType = sourcecode.swift; path = "../../MindBudget/Data/CloudSyncRemoteApply.swift"; sourceTree = "<group>";};
  C00000000000000000000008 = {isa = PBXBuildFile; fileRef = B00000000000000000000008;};
  B00000000000000000000009 = {isa = PBXFileReference; lastKnownFileType = sourcecode.swift; path = "../../MindBudget/Data/DataActor.swift"; sourceTree = "<group>";};
  C00000000000000000000009 = {isa = PBXBuildFile; fileRef = B00000000000000000000009;};
  B0000000000000000000000A = {isa = PBXFileReference; lastKnownFileType = sourcecode.swift; path = "../../MindBudget/Data/DataTransferObjects.swift"; sourceTree = "<group>";};
  C0000000000000000000000A = {isa = PBXBuildFile; fileRef = B0000000000000000000000A;};
  B0000000000000000000000B = {isa = PBXFileReference; lastKnownFileType = sourcecode.swift; path = "../../MindBudget/Data/ForeignCurrencyDataActor.swift"; sourceTree = "<group>";};
  C0000000000000000000000B = {isa = PBXBuildFile; fileRef = B0000000000000000000000B;};
  B0000000000000000000000C = {isa = PBXFileReference; lastKnownFileType = sourcecode.swift; path = "../../MindBudget/Models/BudgetPlan.swift"; sourceTree = "<group>";};
  C0000000000000000000000C = {isa = PBXBuildFile; fileRef = B0000000000000000000000C;};
  B0000000000000000000000D = {isa = PBXFileReference; lastKnownFileType = sourcecode.swift; path = "../../MindBudget/Models/CategoryBudget.swift"; sourceTree = "<group>";};
  C0000000000000000000000D = {isa = PBXBuildFile; fileRef = B0000000000000000000000D;};
  B0000000000000000000000E = {isa = PBXFileReference; lastKnownFileType = sourcecode.swift; path = "../../MindBudget/Models/CloudSyncMetadata.swift"; sourceTree = "<group>";};
  C0000000000000000000000E = {isa = PBXBuildFile; fileRef = B0000000000000000000000E;};
  B0000000000000000000000F = {isa = PBXFileReference; lastKnownFileType = sourcecode.swift; path = "../../MindBudget/Models/CoolingOffPlan.swift"; sourceTree = "<group>";};
  C0000000000000000000000F = {isa = PBXBuildFile; fileRef = B0000000000000000000000F;};
  B00000000000000000000010 = {isa = PBXFileReference; lastKnownFileType = sourcecode.swift; path = "../../MindBudget/Models/Enums.swift"; sourceTree = "<group>";};
  C00000000000000000000010 = {isa = PBXBuildFile; fileRef = B00000000000000000000010;};
  B00000000000000000000011 = {isa = PBXFileReference; lastKnownFileType = sourcecode.swift; path = "../../MindBudget/Models/Expense.swift"; sourceTree = "<group>";};
  C00000000000000000000011 = {isa = PBXBuildFile; fileRef = B00000000000000000000011;};
  B00000000000000000000012 = {isa = PBXFileReference; lastKnownFileType = sourcecode.swift; path = "../../MindBudget/Models/ForeignCurrency.swift"; sourceTree = "<group>";};
  C00000000000000000000012 = {isa = PBXBuildFile; fileRef = B00000000000000000000012;};
  B00000000000000000000013 = {isa = PBXFileReference; lastKnownFileType = sourcecode.swift; path = "../../MindBudget/Models/Income.swift"; sourceTree = "<group>";};
  C00000000000000000000013 = {isa = PBXBuildFile; fileRef = B00000000000000000000013;};
  B00000000000000000000014 = {isa = PBXFileReference; lastKnownFileType = sourcecode.swift; path = "../../MindBudget/Models/Merchant.swift"; sourceTree = "<group>";};
  C00000000000000000000014 = {isa = PBXBuildFile; fileRef = B00000000000000000000014;};
  B00000000000000000000015 = {isa = PBXFileReference; lastKnownFileType = sourcecode.swift; path = "../../MindBudget/Models/Money.swift"; sourceTree = "<group>";};
  C00000000000000000000015 = {isa = PBXBuildFile; fileRef = B00000000000000000000015;};
  B00000000000000000000016 = {isa = PBXFileReference; lastKnownFileType = sourcecode.swift; path = "../../MindBudget/Models/Projections.swift"; sourceTree = "<group>";};
  C00000000000000000000016 = {isa = PBXBuildFile; fileRef = B00000000000000000000016;};
  B00000000000000000000017 = {isa = PBXFileReference; lastKnownFileType = sourcecode.swift; path = "../../MindBudget/Models/ReflectionLog.swift"; sourceTree = "<group>";};
  C00000000000000000000017 = {isa = PBXBuildFile; fileRef = B00000000000000000000017;};
  B00000000000000000000018 = {isa = PBXFileReference; lastKnownFileType = sourcecode.swift; path = "../../MindBudget/Models/ReminderEvent.swift"; sourceTree = "<group>";};
  C00000000000000000000018 = {isa = PBXBuildFile; fileRef = B00000000000000000000018;};
  B00000000000000000000019 = {isa = PBXFileReference; lastKnownFileType = sourcecode.swift; path = "../../MindBudget/Models/Schema/MigrationPlan.swift"; sourceTree = "<group>";};
  C00000000000000000000019 = {isa = PBXBuildFile; fileRef = B00000000000000000000019;};
  B0000000000000000000001A = {isa = PBXFileReference; lastKnownFileType = sourcecode.swift; path = "../../MindBudget/Models/Schema/SchemaV1.swift"; sourceTree = "<group>";};
  C0000000000000000000001A = {isa = PBXBuildFile; fileRef = B0000000000000000000001A;};
  B0000000000000000000001B = {isa = PBXFileReference; lastKnownFileType = sourcecode.swift; path = "../../MindBudget/Models/Schema/SchemaV2.swift"; sourceTree = "<group>";};
  C0000000000000000000001B = {isa = PBXBuildFile; fileRef = B0000000000000000000001B;};
  B0000000000000000000001C = {isa = PBXFileReference; lastKnownFileType = sourcecode.swift; path = "../../MindBudget/Models/SpendingInsight.swift"; sourceTree = "<group>";};
  C0000000000000000000001C = {isa = PBXBuildFile; fileRef = B0000000000000000000001C;};
  B0000000000000000000001D = {isa = PBXFileReference; lastKnownFileType = sourcecode.swift; path = "../../MindBudget/Models/WishItem.swift"; sourceTree = "<group>";};
  C0000000000000000000001D = {isa = PBXBuildFile; fileRef = B0000000000000000000001D;};
  B0000000000000000000001E = {isa = PBXFileReference; lastKnownFileType = sourcecode.swift; path = "../../MindBudget/Models/WishItemStateMachine.swift"; sourceTree = "<group>";};
  C0000000000000000000001E = {isa = PBXBuildFile; fileRef = B0000000000000000000001E;};
  B0000000000000000000001F = {isa = PBXFileReference; lastKnownFileType = sourcecode.swift; path = "../../MindBudget/Services/BudgetCycleCalculator.swift"; sourceTree = "<group>";};
  C0000000000000000000001F = {isa = PBXBuildFile; fileRef = B0000000000000000000001F;};
  B00000000000000000000020 = {isa = PBXFileReference; lastKnownFileType = sourcecode.swift; path = "../../MindBudget/Services/BudgetEngine.swift"; sourceTree = "<group>";};
  C00000000000000000000020 = {isa = PBXBuildFile; fileRef = B00000000000000000000020;};
  B00000000000000000000021 = {isa = PBXFileReference; lastKnownFileType = sourcecode.swift; path = "../../MindBudget/Services/CloudSyncDomain.swift"; sourceTree = "<group>";};
  C00000000000000000000021 = {isa = PBXBuildFile; fileRef = B00000000000000000000021;};
  B00000000000000000000022 = {isa = PBXFileReference; lastKnownFileType = sourcecode.swift; path = "../../MindBudget/Services/CloudSyncRuntime.swift"; sourceTree = "<group>";};
  C00000000000000000000022 = {isa = PBXBuildFile; fileRef = B00000000000000000000022;};
  B00000000000000000000023 = {isa = PBXFileReference; lastKnownFileType = sourcecode.swift; path = "../../MindBudget/Services/RuleConfiguration.swift"; sourceTree = "<group>";};
  C00000000000000000000023 = {isa = PBXBuildFile; fileRef = B00000000000000000000023;};
  B00000000000000000000024 = {isa = PBXFileReference; lastKnownFileType = sourcecode.swift; path = "../../MindBudget/Services/SpendingPatternDetector.swift"; sourceTree = "<group>";};
  C00000000000000000000024 = {isa = PBXBuildFile; fileRef = B00000000000000000000024;};
  BFFFFFFFFFFFFFFFFFFFFFFF = {isa = PBXGroup; children = (B00000000000000000000001, B00000000000000000000002, B00000000000000000000003, B00000000000000000000004, B00000000000000000000005, B00000000000000000000006, B00000000000000000000007, B00000000000000000000008, B00000000000000000000009, B0000000000000000000000A, B0000000000000000000000B, B0000000000000000000000C, B0000000000000000000000D, B0000000000000000000000E, B0000000000000000000000F, B00000000000000000000010, B00000000000000000000011, B00000000000000000000012, B00000000000000000000013, B00000000000000000000014, B00000000000000000000015, B00000000000000000000016, B00000000000000000000017, B00000000000000000000018, B00000000000000000000019, B0000000000000000000001A, B0000000000000000000001B, B0000000000000000000001C, B0000000000000000000001D, B0000000000000000000001E, B0000000000000000000001F, B00000000000000000000020, B00000000000000000000021, B00000000000000000000022, B00000000000000000000023, B00000000000000000000024); name = "Explicit Probe Sources"; sourceTree = "<group>";};
 };
 rootObject = A00000000000000000000001;
}
