// !$*UTF8*$!
{
	archiveVersion = 1;
	classes = {
	};
	objectVersion = 56;
	objects = {

/* Begin PBXBuildFile section */
		A10000000000000000000001 /* MindBudgetApp.swift in Sources */ = {isa = PBXBuildFile; fileRef = B10000000000000000000001 /* MindBudgetApp.swift */; };
		A10000000000000000000002 /* AppRouter.swift in Sources */ = {isa = PBXBuildFile; fileRef = B10000000000000000000002 /* AppRouter.swift */; };
		A10000000000000000000003 /* AppEnvironment.swift in Sources */ = {isa = PBXBuildFile; fileRef = B10000000000000000000003 /* AppEnvironment.swift */; };
		A10000000000000000000004 /* FeatureFlags.swift in Sources */ = {isa = PBXBuildFile; fileRef = B10000000000000000000004 /* FeatureFlags.swift */; };
		A10000000000000000000005 /* Localizable.xcstrings in Resources */ = {isa = PBXBuildFile; fileRef = B10000000000000000000005 /* Localizable.xcstrings */; };
		A10000000000000000000006 /* PrivacyInfo.xcprivacy in Resources */ = {isa = PBXBuildFile; fileRef = B10000000000000000000006 /* PrivacyInfo.xcprivacy */; };
		A10000000000000000000007 /* LocalizationTests.swift in Sources */ = {isa = PBXBuildFile; fileRef = B10000000000000000000007 /* LocalizationTests.swift */; };
		A10000000000000000000009 /* MindBudgetPlaceholderUITests.swift in Sources */ = {isa = PBXBuildFile; fileRef = B10000000000000000000008 /* MindBudgetPlaceholderUITests.swift */; };
		A1000000000000000000000A /* XCTest.framework in Frameworks */ = {isa = PBXBuildFile; fileRef = B1000000000000000000000C /* XCTest.framework */; };
		A1000000000000000000000B /* Assets.xcassets in Resources */ = {isa = PBXBuildFile; fileRef = B1000000000000000000000D /* Assets.xcassets */; };
		A1000000000000000000000C /* Money.swift in Sources */ = {isa = PBXBuildFile; fileRef = B1000000000000000000000F /* Money.swift */; };
		A1000000000000000000000D /* Enums.swift in Sources */ = {isa = PBXBuildFile; fileRef = B10000000000000000000010 /* Enums.swift */; };
		A1000000000000000000000E /* WishItemStateMachine.swift in Sources */ = {isa = PBXBuildFile; fileRef = B10000000000000000000011 /* WishItemStateMachine.swift */; };
		A1000000000000000000000F /* Projections.swift in Sources */ = {isa = PBXBuildFile; fileRef = B10000000000000000000012 /* Projections.swift */; };
		A10000000000000000000010 /* Expense.swift in Sources */ = {isa = PBXBuildFile; fileRef = B10000000000000000000013 /* Expense.swift */; };
		A10000000000000000000011 /* BudgetPlan.swift in Sources */ = {isa = PBXBuildFile; fileRef = B10000000000000000000014 /* BudgetPlan.swift */; };
		A10000000000000000000012 /* CategoryBudget.swift in Sources */ = {isa = PBXBuildFile; fileRef = B10000000000000000000015 /* CategoryBudget.swift */; };
		A10000000000000000000013 /* WishItem.swift in Sources */ = {isa = PBXBuildFile; fileRef = B10000000000000000000016 /* WishItem.swift */; };
		A10000000000000000000014 /* CoolingOffPlan.swift in Sources */ = {isa = PBXBuildFile; fileRef = B10000000000000000000017 /* CoolingOffPlan.swift */; };
		A10000000000000000000015 /* SpendingInsight.swift in Sources */ = {isa = PBXBuildFile; fileRef = B10000000000000000000018 /* SpendingInsight.swift */; };
		A10000000000000000000016 /* ReflectionLog.swift in Sources */ = {isa = PBXBuildFile; fileRef = B10000000000000000000019 /* ReflectionLog.swift */; };
		A10000000000000000000017 /* Merchant.swift in Sources */ = {isa = PBXBuildFile; fileRef = B1000000000000000000001A /* Merchant.swift */; };
		A10000000000000000000018 /* ReminderEvent.swift in Sources */ = {isa = PBXBuildFile; fileRef = B1000000000000000000001B /* ReminderEvent.swift */; };
		A10000000000000000000019 /* SchemaV1.swift in Sources */ = {isa = PBXBuildFile; fileRef = B1000000000000000000001C /* SchemaV1.swift */; };
		A1000000000000000000001A /* MigrationPlan.swift in Sources */ = {isa = PBXBuildFile; fileRef = B1000000000000000000001D /* MigrationPlan.swift */; };
		A1000000000000000000001B /* RuleConfiguration.swift in Sources */ = {isa = PBXBuildFile; fileRef = B1000000000000000000001E /* RuleConfiguration.swift */; };
		A1000000000000000000001C /* SettingsStore.swift in Sources */ = {isa = PBXBuildFile; fileRef = B1000000000000000000001F /* SettingsStore.swift */; };
		A1000000000000000000001D /* DataTransferObjects.swift in Sources */ = {isa = PBXBuildFile; fileRef = B10000000000000000000020 /* DataTransferObjects.swift */; };
		A1000000000000000000001E /* DataController.swift in Sources */ = {isa = PBXBuildFile; fileRef = B10000000000000000000021 /* DataController.swift */; };
		A1000000000000000000001F /* DataActor.swift in Sources */ = {isa = PBXBuildFile; fileRef = B10000000000000000000022 /* DataActor.swift */; };
		A10000000000000000000020 /* SampleDataFactory.swift in Sources */ = {isa = PBXBuildFile; fileRef = B10000000000000000000023 /* SampleDataFactory.swift */; };
		A10000000000000000000021 /* MoneyTests.swift in Sources */ = {isa = PBXBuildFile; fileRef = B10000000000000000000024 /* MoneyTests.swift */; };
		A10000000000000000000022 /* ModelContractTests.swift in Sources */ = {isa = PBXBuildFile; fileRef = B10000000000000000000025 /* ModelContractTests.swift */; };
		A10000000000000000000023 /* SettingsStoreTests.swift in Sources */ = {isa = PBXBuildFile; fileRef = B10000000000000000000026 /* SettingsStoreTests.swift */; };
		A10000000000000000000024 /* DataActorTests.swift in Sources */ = {isa = PBXBuildFile; fileRef = B10000000000000000000027 /* DataActorTests.swift */; };
		A10000000000000000000025 /* TestFixtures.swift in Sources */ = {isa = PBXBuildFile; fileRef = B10000000000000000000028 /* TestFixtures.swift */; };
		A10000000000000000000026 /* BudgetEngine.swift in Sources */ = {isa = PBXBuildFile; fileRef = B10000000000000000000029 /* BudgetEngine.swift */; };
		A10000000000000000000027 /* BudgetCycleCalculator.swift in Sources */ = {isa = PBXBuildFile; fileRef = B1000000000000000000002A /* BudgetCycleCalculator.swift */; };
		A10000000000000000000028 /* CurrencyFormatterService.swift in Sources */ = {isa = PBXBuildFile; fileRef = B1000000000000000000002B /* CurrencyFormatterService.swift */; };
		A10000000000000000000029 /* BudgetEngineTests.swift in Sources */ = {isa = PBXBuildFile; fileRef = B1000000000000000000002C /* BudgetEngineTests.swift */; };
		A1000000000000000000002A /* DateBoundaryTests.swift in Sources */ = {isa = PBXBuildFile; fileRef = B1000000000000000000002D /* DateBoundaryTests.swift */; };
		A1000000000000000000002B /* CurrencyFormatterServiceTests.swift in Sources */ = {isa = PBXBuildFile; fileRef = B1000000000000000000002E /* CurrencyFormatterServiceTests.swift */; };
/* End PBXBuildFile section */

/* Begin PBXContainerItemProxy section */
		J10000000000000000000001 /* PBXContainerItemProxy */ = {
			isa = PBXContainerItemProxy;
			containerPortal = E10000000000000000000001 /* Project object */;
			proxyType = 1;
			remoteGlobalIDString = D10000000000000000000001;
			remoteInfo = MindBudget;
		};
		J10000000000000000000002 /* PBXContainerItemProxy */ = {
			isa = PBXContainerItemProxy;
			containerPortal = E10000000000000000000001 /* Project object */;
			proxyType = 1;
			remoteGlobalIDString = D10000000000000000000001;
			remoteInfo = MindBudget;
		};
/* End PBXContainerItemProxy section */

/* Begin PBXFileReference section */
		B10000000000000000000001 /* MindBudgetApp.swift */ = {isa = PBXFileReference; lastKnownFileType = sourcecode.swift; path = MindBudgetApp.swift; sourceTree = "<group>"; };
		B10000000000000000000002 /* AppRouter.swift */ = {isa = PBXFileReference; lastKnownFileType = sourcecode.swift; path = AppRouter.swift; sourceTree = "<group>"; };
		B10000000000000000000003 /* AppEnvironment.swift */ = {isa = PBXFileReference; lastKnownFileType = sourcecode.swift; path = AppEnvironment.swift; sourceTree = "<group>"; };
		B10000000000000000000004 /* FeatureFlags.swift */ = {isa = PBXFileReference; lastKnownFileType = sourcecode.swift; path = FeatureFlags.swift; sourceTree = "<group>"; };
		B10000000000000000000005 /* Localizable.xcstrings */ = {isa = PBXFileReference; lastKnownFileType = text.json.xcstrings; path = Localizable.xcstrings; sourceTree = "<group>"; };
		B10000000000000000000006 /* PrivacyInfo.xcprivacy */ = {isa = PBXFileReference; lastKnownFileType = text.xml; path = PrivacyInfo.xcprivacy; sourceTree = "<group>"; };
		B10000000000000000000007 /* LocalizationTests.swift */ = {isa = PBXFileReference; lastKnownFileType = sourcecode.swift; path = LocalizationTests.swift; sourceTree = "<group>"; };
		B10000000000000000000008 /* MindBudgetPlaceholderUITests.swift */ = {isa = PBXFileReference; lastKnownFileType = sourcecode.swift; path = MindBudgetPlaceholderUITests.swift; sourceTree = "<group>"; };
		B10000000000000000000009 /* MindBudget.app */ = {isa = PBXFileReference; explicitFileType = wrapper.application; includeInIndex = 0; path = MindBudget.app; sourceTree = BUILT_PRODUCTS_DIR; };
		B1000000000000000000000A /* MindBudgetTests.xctest */ = {isa = PBXFileReference; explicitFileType = wrapper.cfbundle; includeInIndex = 0; path = MindBudgetTests.xctest; sourceTree = BUILT_PRODUCTS_DIR; };
		B1000000000000000000000B /* MindBudgetUITests.xctest */ = {isa = PBXFileReference; explicitFileType = wrapper.cfbundle; includeInIndex = 0; path = MindBudgetUITests.xctest; sourceTree = BUILT_PRODUCTS_DIR; };
		B1000000000000000000000C /* XCTest.framework */ = {isa = PBXFileReference; lastKnownFileType = wrapper.framework; name = XCTest.framework; path = System/Library/Frameworks/XCTest.framework; sourceTree = SDKROOT; };
		B1000000000000000000000D /* Assets.xcassets */ = {isa = PBXFileReference; lastKnownFileType = folder.assetcatalog; path = Assets.xcassets; sourceTree = "<group>"; };
		B1000000000000000000000E /* Shared.xcconfig */ = {isa = PBXFileReference; lastKnownFileType = text.xcconfig; path = Shared.xcconfig; sourceTree = "<group>"; };
		B1000000000000000000000F /* Money.swift */ = {isa = PBXFileReference; lastKnownFileType = sourcecode.swift; path = Money.swift; sourceTree = "<group>"; };
		B10000000000000000000010 /* Enums.swift */ = {isa = PBXFileReference; lastKnownFileType = sourcecode.swift; path = Enums.swift; sourceTree = "<group>"; };
		B10000000000000000000011 /* WishItemStateMachine.swift */ = {isa = PBXFileReference; lastKnownFileType = sourcecode.swift; path = WishItemStateMachine.swift; sourceTree = "<group>"; };
		B10000000000000000000012 /* Projections.swift */ = {isa = PBXFileReference; lastKnownFileType = sourcecode.swift; path = Projections.swift; sourceTree = "<group>"; };
		B10000000000000000000013 /* Expense.swift */ = {isa = PBXFileReference; lastKnownFileType = sourcecode.swift; path = Expense.swift; sourceTree = "<group>"; };
		B10000000000000000000014 /* BudgetPlan.swift */ = {isa = PBXFileReference; lastKnownFileType = sourcecode.swift; path = BudgetPlan.swift; sourceTree = "<group>"; };
		B10000000000000000000015 /* CategoryBudget.swift */ = {isa = PBXFileReference; lastKnownFileType = sourcecode.swift; path = CategoryBudget.swift; sourceTree = "<group>"; };
		B10000000000000000000016 /* WishItem.swift */ = {isa = PBXFileReference; lastKnownFileType = sourcecode.swift; path = WishItem.swift; sourceTree = "<group>"; };
		B10000000000000000000017 /* CoolingOffPlan.swift */ = {isa = PBXFileReference; lastKnownFileType = sourcecode.swift; path = CoolingOffPlan.swift; sourceTree = "<group>"; };
		B10000000000000000000018 /* SpendingInsight.swift */ = {isa = PBXFileReference; lastKnownFileType = sourcecode.swift; path = SpendingInsight.swift; sourceTree = "<group>"; };
		B10000000000000000000019 /* ReflectionLog.swift */ = {isa = PBXFileReference; lastKnownFileType = sourcecode.swift; path = ReflectionLog.swift; sourceTree = "<group>"; };
		B1000000000000000000001A /* Merchant.swift */ = {isa = PBXFileReference; lastKnownFileType = sourcecode.swift; path = Merchant.swift; sourceTree = "<group>"; };
		B1000000000000000000001B /* ReminderEvent.swift */ = {isa = PBXFileReference; lastKnownFileType = sourcecode.swift; path = ReminderEvent.swift; sourceTree = "<group>"; };
		B1000000000000000000001C /* SchemaV1.swift */ = {isa = PBXFileReference; lastKnownFileType = sourcecode.swift; path = SchemaV1.swift; sourceTree = "<group>"; };
		B1000000000000000000001D /* MigrationPlan.swift */ = {isa = PBXFileReference; lastKnownFileType = sourcecode.swift; path = MigrationPlan.swift; sourceTree = "<group>"; };
		B1000000000000000000001E /* RuleConfiguration.swift */ = {isa = PBXFileReference; lastKnownFileType = sourcecode.swift; path = RuleConfiguration.swift; sourceTree = "<group>"; };
		B1000000000000000000001F /* SettingsStore.swift */ = {isa = PBXFileReference; lastKnownFileType = sourcecode.swift; path = SettingsStore.swift; sourceTree = "<group>"; };
		B10000000000000000000020 /* DataTransferObjects.swift */ = {isa = PBXFileReference; lastKnownFileType = sourcecode.swift; path = DataTransferObjects.swift; sourceTree = "<group>"; };
		B10000000000000000000021 /* DataController.swift */ = {isa = PBXFileReference; lastKnownFileType = sourcecode.swift; path = DataController.swift; sourceTree = "<group>"; };
		B10000000000000000000022 /* DataActor.swift */ = {isa = PBXFileReference; lastKnownFileType = sourcecode.swift; path = DataActor.swift; sourceTree = "<group>"; };
		B10000000000000000000023 /* SampleDataFactory.swift */ = {isa = PBXFileReference; lastKnownFileType = sourcecode.swift; path = SampleDataFactory.swift; sourceTree = "<group>"; };
		B10000000000000000000024 /* MoneyTests.swift */ = {isa = PBXFileReference; lastKnownFileType = sourcecode.swift; path = MoneyTests.swift; sourceTree = "<group>"; };
		B10000000000000000000025 /* ModelContractTests.swift */ = {isa = PBXFileReference; lastKnownFileType = sourcecode.swift; path = ModelContractTests.swift; sourceTree = "<group>"; };
		B10000000000000000000026 /* SettingsStoreTests.swift */ = {isa = PBXFileReference; lastKnownFileType = sourcecode.swift; path = SettingsStoreTests.swift; sourceTree = "<group>"; };
		B10000000000000000000027 /* DataActorTests.swift */ = {isa = PBXFileReference; lastKnownFileType = sourcecode.swift; path = DataActorTests.swift; sourceTree = "<group>"; };
		B10000000000000000000028 /* TestFixtures.swift */ = {isa = PBXFileReference; lastKnownFileType = sourcecode.swift; path = TestFixtures.swift; sourceTree = "<group>"; };
		B10000000000000000000029 /* BudgetEngine.swift */ = {isa = PBXFileReference; lastKnownFileType = sourcecode.swift; path = BudgetEngine.swift; sourceTree = "<group>"; };
		B1000000000000000000002A /* BudgetCycleCalculator.swift */ = {isa = PBXFileReference; lastKnownFileType = sourcecode.swift; path = BudgetCycleCalculator.swift; sourceTree = "<group>"; };
		B1000000000000000000002B /* CurrencyFormatterService.swift */ = {isa = PBXFileReference; lastKnownFileType = sourcecode.swift; path = CurrencyFormatterService.swift; sourceTree = "<group>"; };
		B1000000000000000000002C /* BudgetEngineTests.swift */ = {isa = PBXFileReference; lastKnownFileType = sourcecode.swift; path = BudgetEngineTests.swift; sourceTree = "<group>"; };
		B1000000000000000000002D /* DateBoundaryTests.swift */ = {isa = PBXFileReference; lastKnownFileType = sourcecode.swift; path = DateBoundaryTests.swift; sourceTree = "<group>"; };
		B1000000000000000000002E /* CurrencyFormatterServiceTests.swift */ = {isa = PBXFileReference; lastKnownFileType = sourcecode.swift; path = CurrencyFormatterServiceTests.swift; sourceTree = "<group>"; };
/* End PBXFileReference section */

/* Begin PBXFrameworksBuildPhase section */
		F10000000000000000000002 /* Frameworks */ = {isa = PBXFrameworksBuildPhase; buildActionMask = 2147483647; files = (); runOnlyForDeploymentPostprocessing = 0; };
		F10000000000000000000005 /* Frameworks */ = {isa = PBXFrameworksBuildPhase; buildActionMask = 2147483647; files = (); runOnlyForDeploymentPostprocessing = 0; };
		F10000000000000000000008 /* Frameworks */ = {isa = PBXFrameworksBuildPhase; buildActionMask = 2147483647; files = (A1000000000000000000000A /* XCTest.framework in Frameworks */,); runOnlyForDeploymentPostprocessing = 0; };
/* End PBXFrameworksBuildPhase section */

/* Begin PBXGroup section */
		C10000000000000000000000 = {
			isa = PBXGroup;
			children = (
				C10000000000000000000001 /* MindBudget */,
				C10000000000000000000002 /* MindBudgetTests */,
				C10000000000000000000003 /* MindBudgetUITests */,
				C10000000000000000000018 /* Config */,
				B1000000000000000000000C /* XCTest.framework */,
				C10000000000000000000004 /* Products */,
			);
			sourceTree = "<group>";
		};
		C10000000000000000000001 /* MindBudget */ = {
			isa = PBXGroup;
			children = (
				C10000000000000000000005 /* App */,
				C10000000000000000000006 /* Models */,
				C10000000000000000000007 /* Data */,
				C10000000000000000000008 /* Services */,
				C10000000000000000000009 /* Features */,
				C1000000000000000000000A /* AppIntents */,
				C1000000000000000000000B /* Resources */,
			);
			path = MindBudget;
			sourceTree = "<group>";
		};
		C10000000000000000000002 /* MindBudgetTests */ = {isa = PBXGroup; children = (B10000000000000000000028 /* TestFixtures.swift */, B10000000000000000000007 /* LocalizationTests.swift */, B10000000000000000000024 /* MoneyTests.swift */, B10000000000000000000025 /* ModelContractTests.swift */, B10000000000000000000026 /* SettingsStoreTests.swift */, B10000000000000000000027 /* DataActorTests.swift */, B1000000000000000000002C /* BudgetEngineTests.swift */, B1000000000000000000002D /* DateBoundaryTests.swift */, B1000000000000000000002E /* CurrencyFormatterServiceTests.swift */,); path = MindBudgetTests; sourceTree = "<group>"; };
		C10000000000000000000003 /* MindBudgetUITests */ = {isa = PBXGroup; children = (B10000000000000000000008 /* MindBudgetPlaceholderUITests.swift */,); path = MindBudgetUITests; sourceTree = "<group>"; };
		C10000000000000000000004 /* Products */ = {isa = PBXGroup; children = (B10000000000000000000009 /* MindBudget.app */, B1000000000000000000000A /* MindBudgetTests.xctest */, B1000000000000000000000B /* MindBudgetUITests.xctest */,); name = Products; sourceTree = "<group>"; };
		C10000000000000000000005 /* App */ = {isa = PBXGroup; children = (B10000000000000000000001 /* MindBudgetApp.swift */, B10000000000000000000002 /* AppRouter.swift */, B10000000000000000000003 /* AppEnvironment.swift */, B10000000000000000000004 /* FeatureFlags.swift */,); path = App; sourceTree = "<group>"; };
		C10000000000000000000006 /* Models */ = {isa = PBXGroup; children = (C1000000000000000000000C /* Schema */, B1000000000000000000000F /* Money.swift */, B10000000000000000000010 /* Enums.swift */, B10000000000000000000011 /* WishItemStateMachine.swift */, B10000000000000000000012 /* Projections.swift */, B10000000000000000000013 /* Expense.swift */, B10000000000000000000014 /* BudgetPlan.swift */, B10000000000000000000015 /* CategoryBudget.swift */, B10000000000000000000016 /* WishItem.swift */, B10000000000000000000017 /* CoolingOffPlan.swift */, B10000000000000000000018 /* SpendingInsight.swift */, B10000000000000000000019 /* ReflectionLog.swift */, B1000000000000000000001A /* Merchant.swift */, B1000000000000000000001B /* ReminderEvent.swift */,); path = Models; sourceTree = "<group>"; };
		C10000000000000000000007 /* Data */ = {isa = PBXGroup; children = (B10000000000000000000020 /* DataTransferObjects.swift */, B10000000000000000000021 /* DataController.swift */, B10000000000000000000022 /* DataActor.swift */, B10000000000000000000023 /* SampleDataFactory.swift */,); path = Data; sourceTree = "<group>"; };
		C10000000000000000000008 /* Services */ = {isa = PBXGroup; children = (B1000000000000000000001E /* RuleConfiguration.swift */, B1000000000000000000001F /* SettingsStore.swift */, B10000000000000000000029 /* BudgetEngine.swift */, B1000000000000000000002A /* BudgetCycleCalculator.swift */, B1000000000000000000002B /* CurrencyFormatterService.swift */,); path = Services; sourceTree = "<group>"; };
		C10000000000000000000009 /* Features */ = {isa = PBXGroup; children = (C1000000000000000000000D /* Onboarding */, C1000000000000000000000E /* Dashboard */, C1000000000000000000000F /* AddExpense */, C10000000000000000000010 /* ExpenseList */, C10000000000000000000011 /* Insights */, C10000000000000000000012 /* Wishlist */, C10000000000000000000013 /* AskMindBudget */, C10000000000000000000014 /* Settings */, C10000000000000000000015 /* Shared */,); path = Features; sourceTree = "<group>"; };
		C1000000000000000000000A /* AppIntents */ = {isa = PBXGroup; children = (C10000000000000000000016 /* Entities */, C10000000000000000000017 /* Intents */,); path = AppIntents; sourceTree = "<group>"; };
		C1000000000000000000000B /* Resources */ = {isa = PBXGroup; children = (B1000000000000000000000D /* Assets.xcassets */, B10000000000000000000005 /* Localizable.xcstrings */, B10000000000000000000006 /* PrivacyInfo.xcprivacy */,); path = Resources; sourceTree = "<group>"; };
		C1000000000000000000000C /* Schema */ = {isa = PBXGroup; children = (B1000000000000000000001C /* SchemaV1.swift */, B1000000000000000000001D /* MigrationPlan.swift */,); path = Schema; sourceTree = "<group>"; };
		C1000000000000000000000D /* Onboarding */ = {isa = PBXGroup; children = (); path = Onboarding; sourceTree = "<group>"; };
		C1000000000000000000000E /* Dashboard */ = {isa = PBXGroup; children = (); path = Dashboard; sourceTree = "<group>"; };
		C1000000000000000000000F /* AddExpense */ = {isa = PBXGroup; children = (); path = AddExpense; sourceTree = "<group>"; };
		C10000000000000000000010 /* ExpenseList */ = {isa = PBXGroup; children = (); path = ExpenseList; sourceTree = "<group>"; };
		C10000000000000000000011 /* Insights */ = {isa = PBXGroup; children = (); path = Insights; sourceTree = "<group>"; };
		C10000000000000000000012 /* Wishlist */ = {isa = PBXGroup; children = (); path = Wishlist; sourceTree = "<group>"; };
		C10000000000000000000013 /* AskMindBudget */ = {isa = PBXGroup; children = (); path = AskMindBudget; sourceTree = "<group>"; };
		C10000000000000000000014 /* Settings */ = {isa = PBXGroup; children = (); path = Settings; sourceTree = "<group>"; };
		C10000000000000000000015 /* Shared */ = {isa = PBXGroup; children = (); path = Shared; sourceTree = "<group>"; };
		C10000000000000000000016 /* Entities */ = {isa = PBXGroup; children = (); path = Entities; sourceTree = "<group>"; };
		C10000000000000000000017 /* Intents */ = {isa = PBXGroup; children = (); path = Intents; sourceTree = "<group>"; };
		C10000000000000000000018 /* Config */ = {isa = PBXGroup; children = (B1000000000000000000000E /* Shared.xcconfig */,); path = Config; sourceTree = "<group>"; };
/* End PBXGroup section */

/* Begin PBXNativeTarget section */
		D10000000000000000000001 /* MindBudget */ = {
			isa = PBXNativeTarget;
			buildConfigurationList = H10000000000000000000002 /* Build configuration list for PBXNativeTarget "MindBudget" */;
			buildPhases = (F10000000000000000000001 /* Sources */, F10000000000000000000002 /* Frameworks */, F10000000000000000000003 /* Resources */,);
			buildRules = ();
			dependencies = ();
			name = MindBudget;
			productName = MindBudget;
			productReference = B10000000000000000000009 /* MindBudget.app */;
			productType = "com.apple.product-type.application";
		};
		D10000000000000000000002 /* MindBudgetTests */ = {
			isa = PBXNativeTarget;
			buildConfigurationList = H10000000000000000000003 /* Build configuration list for PBXNativeTarget "MindBudgetTests" */;
			buildPhases = (F10000000000000000000004 /* Sources */, F10000000000000000000005 /* Frameworks */, F10000000000000000000006 /* Resources */,);
			buildRules = ();
			dependencies = (I10000000000000000000001 /* PBXTargetDependency */,);
			name = MindBudgetTests;
			productName = MindBudgetTests;
			productReference = B1000000000000000000000A /* MindBudgetTests.xctest */;
			productType = "com.apple.product-type.bundle.unit-test";
		};
		D10000000000000000000003 /* MindBudgetUITests */ = {
			isa = PBXNativeTarget;
			buildConfigurationList = H10000000000000000000004 /* Build configuration list for PBXNativeTarget "MindBudgetUITests" */;
			buildPhases = (F10000000000000000000007 /* Sources */, F10000000000000000000008 /* Frameworks */, F10000000000000000000009 /* Resources */,);
			buildRules = ();
			dependencies = (I10000000000000000000002 /* PBXTargetDependency */,);
			name = MindBudgetUITests;
			productName = MindBudgetUITests;
			productReference = B1000000000000000000000B /* MindBudgetUITests.xctest */;
			productType = "com.apple.product-type.bundle.ui-testing";
		};
/* End PBXNativeTarget section */

/* Begin PBXProject section */
		E10000000000000000000001 /* Project object */ = {
			isa = PBXProject;
			attributes = {
				BuildIndependentTargetsInParallel = 1;
				LastSwiftUpdateCheck = 2660;
				LastUpgradeCheck = 2660;
				TargetAttributes = {
					D10000000000000000000001 = {CreatedOnToolsVersion = 26.6; };
					D10000000000000000000002 = {CreatedOnToolsVersion = 26.6; TestTargetID = D10000000000000000000001; };
					D10000000000000000000003 = {CreatedOnToolsVersion = 26.6; TestTargetID = D10000000000000000000001; };
				};
			};
			buildConfigurationList = H10000000000000000000001 /* Build configuration list for PBXProject "MindBudget" */;
			compatibilityVersion = "Xcode 14.0";
			developmentRegion = en;
			hasScannedForEncodings = 0;
			knownRegions = (en, Base, "zh-Hans",);
			mainGroup = C10000000000000000000000;
			productRefGroup = C10000000000000000000004 /* Products */;
			projectDirPath = "";
			projectRoot = "";
			targets = (D10000000000000000000001 /* MindBudget */, D10000000000000000000002 /* MindBudgetTests */, D10000000000000000000003 /* MindBudgetUITests */,);
		};
/* End PBXProject section */

/* Begin PBXResourcesBuildPhase section */
		F10000000000000000000003 /* Resources */ = {isa = PBXResourcesBuildPhase; buildActionMask = 2147483647; files = (A1000000000000000000000B /* Assets.xcassets in Resources */, A10000000000000000000005 /* Localizable.xcstrings in Resources */, A10000000000000000000006 /* PrivacyInfo.xcprivacy in Resources */,); runOnlyForDeploymentPostprocessing = 0; };
		F10000000000000000000006 /* Resources */ = {isa = PBXResourcesBuildPhase; buildActionMask = 2147483647; files = (); runOnlyForDeploymentPostprocessing = 0; };
		F10000000000000000000009 /* Resources */ = {isa = PBXResourcesBuildPhase; buildActionMask = 2147483647; files = (); runOnlyForDeploymentPostprocessing = 0; };
/* End PBXResourcesBuildPhase section */

/* Begin PBXSourcesBuildPhase section */
		F10000000000000000000001 /* Sources */ = {isa = PBXSourcesBuildPhase; buildActionMask = 2147483647; files = (A10000000000000000000001 /* MindBudgetApp.swift in Sources */, A10000000000000000000002 /* AppRouter.swift in Sources */, A10000000000000000000003 /* AppEnvironment.swift in Sources */, A10000000000000000000004 /* FeatureFlags.swift in Sources */, A1000000000000000000000C /* Money.swift in Sources */, A1000000000000000000000D /* Enums.swift in Sources */, A1000000000000000000000E /* WishItemStateMachine.swift in Sources */, A1000000000000000000000F /* Projections.swift in Sources */, A10000000000000000000010 /* Expense.swift in Sources */, A10000000000000000000011 /* BudgetPlan.swift in Sources */, A10000000000000000000012 /* CategoryBudget.swift in Sources */, A10000000000000000000013 /* WishItem.swift in Sources */, A10000000000000000000014 /* CoolingOffPlan.swift in Sources */, A10000000000000000000015 /* SpendingInsight.swift in Sources */, A10000000000000000000016 /* ReflectionLog.swift in Sources */, A10000000000000000000017 /* Merchant.swift in Sources */, A10000000000000000000018 /* ReminderEvent.swift in Sources */, A10000000000000000000019 /* SchemaV1.swift in Sources */, A1000000000000000000001A /* MigrationPlan.swift in Sources */, A1000000000000000000001B /* RuleConfiguration.swift in Sources */, A1000000000000000000001C /* SettingsStore.swift in Sources */, A1000000000000000000001D /* DataTransferObjects.swift in Sources */, A1000000000000000000001E /* DataController.swift in Sources */, A1000000000000000000001F /* DataActor.swift in Sources */, A10000000000000000000020 /* SampleDataFactory.swift in Sources */, A10000000000000000000026 /* BudgetEngine.swift in Sources */, A10000000000000000000027 /* BudgetCycleCalculator.swift in Sources */, A10000000000000000000028 /* CurrencyFormatterService.swift in Sources */,); runOnlyForDeploymentPostprocessing = 0; };
		F10000000000000000000004 /* Sources */ = {isa = PBXSourcesBuildPhase; buildActionMask = 2147483647; files = (A10000000000000000000025 /* TestFixtures.swift in Sources */, A10000000000000000000007 /* LocalizationTests.swift in Sources */, A10000000000000000000021 /* MoneyTests.swift in Sources */, A10000000000000000000022 /* ModelContractTests.swift in Sources */, A10000000000000000000023 /* SettingsStoreTests.swift in Sources */, A10000000000000000000024 /* DataActorTests.swift in Sources */, A10000000000000000000029 /* BudgetEngineTests.swift in Sources */, A1000000000000000000002A /* DateBoundaryTests.swift in Sources */, A1000000000000000000002B /* CurrencyFormatterServiceTests.swift in Sources */,); runOnlyForDeploymentPostprocessing = 0; };
		F10000000000000000000007 /* Sources */ = {isa = PBXSourcesBuildPhase; buildActionMask = 2147483647; files = (A10000000000000000000009 /* MindBudgetPlaceholderUITests.swift in Sources */,); runOnlyForDeploymentPostprocessing = 0; };
/* End PBXSourcesBuildPhase section */

/* Begin PBXTargetDependency section */
		I10000000000000000000001 /* PBXTargetDependency */ = {isa = PBXTargetDependency; target = D10000000000000000000001 /* MindBudget */; targetProxy = J10000000000000000000001 /* PBXContainerItemProxy */; };
		I10000000000000000000002 /* PBXTargetDependency */ = {isa = PBXTargetDependency; target = D10000000000000000000001 /* MindBudget */; targetProxy = J10000000000000000000002 /* PBXContainerItemProxy */; };
/* End PBXTargetDependency section */

/* Begin XCBuildConfiguration section */
		G10000000000000000000001 /* Debug */ = {isa = XCBuildConfiguration; baseConfigurationReference = B1000000000000000000000E /* Shared.xcconfig */; buildSettings = {ALWAYS_SEARCH_USER_PATHS = NO; CLANG_ENABLE_MODULES = YES; CLANG_ENABLE_OBJC_ARC = YES; COPY_PHASE_STRIP = NO; DEBUG_INFORMATION_FORMAT = dwarf; ENABLE_TESTABILITY = YES; GCC_C_LANGUAGE_STANDARD = gnu17; GCC_OPTIMIZATION_LEVEL = 0; IPHONEOS_DEPLOYMENT_TARGET = 17.0; ONLY_ACTIVE_ARCH = YES; SDKROOT = iphoneos; SWIFT_ACTIVE_COMPILATION_CONDITIONS = "DEBUG $(inherited)"; SWIFT_OPTIMIZATION_LEVEL = "-Onone"; }; name = Debug; };
		G10000000000000000000002 /* Release */ = {isa = XCBuildConfiguration; baseConfigurationReference = B1000000000000000000000E /* Shared.xcconfig */; buildSettings = {ALWAYS_SEARCH_USER_PATHS = NO; CLANG_ENABLE_MODULES = YES; CLANG_ENABLE_OBJC_ARC = YES; COPY_PHASE_STRIP = NO; DEBUG_INFORMATION_FORMAT = "dwarf-with-dsym"; ENABLE_NS_ASSERTIONS = NO; GCC_C_LANGUAGE_STANDARD = gnu17; IPHONEOS_DEPLOYMENT_TARGET = 17.0; SDKROOT = iphoneos; SWIFT_COMPILATION_MODE = wholemodule; VALIDATE_PRODUCT = YES; }; name = Release; };
		G10000000000000000000003 /* Debug */ = {isa = XCBuildConfiguration; buildSettings = {ASSETCATALOG_COMPILER_APPICON_NAME = AppIcon; ASSETCATALOG_COMPILER_GLOBAL_ACCENT_COLOR_NAME = AccentColor; CODE_SIGN_STYLE = Automatic; CURRENT_PROJECT_VERSION = 1; ENABLE_PREVIEWS = YES; GENERATE_INFOPLIST_FILE = YES; INFOPLIST_KEY_CFBundleDisplayName = MindBudget; INFOPLIST_KEY_LSApplicationCategoryType = "public.app-category.finance"; INFOPLIST_KEY_UILaunchScreen_Generation = YES; IPHONEOS_DEPLOYMENT_TARGET = 17.0; MARKETING_VERSION = 0.1.0; PRODUCT_BUNDLE_IDENTIFIER = "$(MINDBUDGET_BUNDLE_ID_PREFIX).MindBudget"; PRODUCT_NAME = "$(TARGET_NAME)"; SUPPORTED_PLATFORMS = "iphoneos iphonesimulator"; SUPPORTS_MACCATALYST = NO; SWIFT_EMIT_LOC_STRINGS = YES; SWIFT_STRICT_CONCURRENCY = complete; SWIFT_VERSION = 6.0; TARGETED_DEVICE_FAMILY = 1; }; name = Debug; };
		G10000000000000000000004 /* Release */ = {isa = XCBuildConfiguration; buildSettings = {ASSETCATALOG_COMPILER_APPICON_NAME = AppIcon; ASSETCATALOG_COMPILER_GLOBAL_ACCENT_COLOR_NAME = AccentColor; CODE_SIGN_STYLE = Automatic; CURRENT_PROJECT_VERSION = 1; ENABLE_PREVIEWS = YES; GENERATE_INFOPLIST_FILE = YES; INFOPLIST_KEY_CFBundleDisplayName = MindBudget; INFOPLIST_KEY_LSApplicationCategoryType = "public.app-category.finance"; INFOPLIST_KEY_UILaunchScreen_Generation = YES; IPHONEOS_DEPLOYMENT_TARGET = 17.0; MARKETING_VERSION = 0.1.0; PRODUCT_BUNDLE_IDENTIFIER = "$(MINDBUDGET_BUNDLE_ID_PREFIX).MindBudget"; PRODUCT_NAME = "$(TARGET_NAME)"; SUPPORTED_PLATFORMS = "iphoneos iphonesimulator"; SUPPORTS_MACCATALYST = NO; SWIFT_EMIT_LOC_STRINGS = YES; SWIFT_STRICT_CONCURRENCY = complete; SWIFT_VERSION = 6.0; TARGETED_DEVICE_FAMILY = 1; }; name = Release; };
		G10000000000000000000005 /* Debug */ = {isa = XCBuildConfiguration; buildSettings = {BUNDLE_LOADER = "$(TEST_HOST)"; CODE_SIGN_STYLE = Automatic; GENERATE_INFOPLIST_FILE = YES; IPHONEOS_DEPLOYMENT_TARGET = 17.0; LD_RUNPATH_SEARCH_PATHS = ("$(inherited)", "@executable_path/Frameworks", "@loader_path/Frameworks",); PRODUCT_BUNDLE_IDENTIFIER = "$(MINDBUDGET_BUNDLE_ID_PREFIX).MindBudgetTests"; PRODUCT_NAME = "$(TARGET_NAME)"; SUPPORTED_PLATFORMS = "iphoneos iphonesimulator"; SWIFT_STRICT_CONCURRENCY = complete; SWIFT_VERSION = 6.0; TARGETED_DEVICE_FAMILY = 1; TEST_HOST = "$(BUILT_PRODUCTS_DIR)/MindBudget.app/$(BUNDLE_EXECUTABLE_FOLDER_PATH)/MindBudget"; }; name = Debug; };
		G10000000000000000000006 /* Release */ = {isa = XCBuildConfiguration; buildSettings = {BUNDLE_LOADER = "$(TEST_HOST)"; CODE_SIGN_STYLE = Automatic; GENERATE_INFOPLIST_FILE = YES; IPHONEOS_DEPLOYMENT_TARGET = 17.0; LD_RUNPATH_SEARCH_PATHS = ("$(inherited)", "@executable_path/Frameworks", "@loader_path/Frameworks",); PRODUCT_BUNDLE_IDENTIFIER = "$(MINDBUDGET_BUNDLE_ID_PREFIX).MindBudgetTests"; PRODUCT_NAME = "$(TARGET_NAME)"; SUPPORTED_PLATFORMS = "iphoneos iphonesimulator"; SWIFT_STRICT_CONCURRENCY = complete; SWIFT_VERSION = 6.0; TARGETED_DEVICE_FAMILY = 1; TEST_HOST = "$(BUILT_PRODUCTS_DIR)/MindBudget.app/$(BUNDLE_EXECUTABLE_FOLDER_PATH)/MindBudget"; }; name = Release; };
		G10000000000000000000007 /* Debug */ = {isa = XCBuildConfiguration; buildSettings = {CODE_SIGN_STYLE = Automatic; GENERATE_INFOPLIST_FILE = YES; IPHONEOS_DEPLOYMENT_TARGET = 17.0; LD_RUNPATH_SEARCH_PATHS = ("$(inherited)", "@executable_path/Frameworks", "@loader_path/Frameworks",); PRODUCT_BUNDLE_IDENTIFIER = "$(MINDBUDGET_BUNDLE_ID_PREFIX).MindBudgetUITests"; PRODUCT_NAME = "$(TARGET_NAME)"; SUPPORTED_PLATFORMS = "iphoneos iphonesimulator"; SWIFT_STRICT_CONCURRENCY = complete; SWIFT_VERSION = 6.0; TARGETED_DEVICE_FAMILY = 1; TEST_TARGET_NAME = MindBudget; }; name = Debug; };
		G10000000000000000000008 /* Release */ = {isa = XCBuildConfiguration; buildSettings = {CODE_SIGN_STYLE = Automatic; GENERATE_INFOPLIST_FILE = YES; IPHONEOS_DEPLOYMENT_TARGET = 17.0; LD_RUNPATH_SEARCH_PATHS = ("$(inherited)", "@executable_path/Frameworks", "@loader_path/Frameworks",); PRODUCT_BUNDLE_IDENTIFIER = "$(MINDBUDGET_BUNDLE_ID_PREFIX).MindBudgetUITests"; PRODUCT_NAME = "$(TARGET_NAME)"; SUPPORTED_PLATFORMS = "iphoneos iphonesimulator"; SWIFT_STRICT_CONCURRENCY = complete; SWIFT_VERSION = 6.0; TARGETED_DEVICE_FAMILY = 1; TEST_TARGET_NAME = MindBudget; }; name = Release; };
/* End XCBuildConfiguration section */

/* Begin XCConfigurationList section */
		H10000000000000000000001 /* Build configuration list for PBXProject "MindBudget" */ = {isa = XCConfigurationList; buildConfigurations = (G10000000000000000000001 /* Debug */, G10000000000000000000002 /* Release */,); defaultConfigurationIsVisible = 0; defaultConfigurationName = Release; };
		H10000000000000000000002 /* Build configuration list for PBXNativeTarget "MindBudget" */ = {isa = XCConfigurationList; buildConfigurations = (G10000000000000000000003 /* Debug */, G10000000000000000000004 /* Release */,); defaultConfigurationIsVisible = 0; defaultConfigurationName = Release; };
		H10000000000000000000003 /* Build configuration list for PBXNativeTarget "MindBudgetTests" */ = {isa = XCConfigurationList; buildConfigurations = (G10000000000000000000005 /* Debug */, G10000000000000000000006 /* Release */,); defaultConfigurationIsVisible = 0; defaultConfigurationName = Release; };
		H10000000000000000000004 /* Build configuration list for PBXNativeTarget "MindBudgetUITests" */ = {isa = XCConfigurationList; buildConfigurations = (G10000000000000000000007 /* Debug */, G10000000000000000000008 /* Release */,); defaultConfigurationIsVisible = 0; defaultConfigurationName = Release; };
/* End XCConfigurationList section */
	};
	rootObject = E10000000000000000000001 /* Project object */;
}
