// !$*UTF8*$!
{
	archiveVersion = 1;
	classes = {
	};
	objectVersion = 56;
	objects = {

/* Begin PBXBuildFile section */
		A10000000000000000000001 /* MindBudgetApp.swift in Sources */ = {isa = PBXBuildFile; fileRef = B10000000000000000000001 /* MindBudgetApp.swift */; };
		A10000000000000000000002 /* AppRouter.swift in Sources */ = {isa = PBXBuildFile; fileRef = B10000000000000000000002 /* AppRouter.swift */; };
		A10000000000000000000003 /* AppEnvironment.swift in Sources */ = {isa = PBXBuildFile; fileRef = B10000000000000000000003 /* AppEnvironment.swift */; };
		A10000000000000000000004 /* FeatureFlags.swift in Sources */ = {isa = PBXBuildFile; fileRef = B10000000000000000000004 /* FeatureFlags.swift */; };
		A10000000000000000000005 /* Localizable.xcstrings in Resources */ = {isa = PBXBuildFile; fileRef = B10000000000000000000005 /* Localizable.xcstrings */; };
		A10000000000000000000006 /* PrivacyInfo.xcprivacy in Resources */ = {isa = PBXBuildFile; fileRef = B10000000000000000000006 /* PrivacyInfo.xcprivacy */; };
		A10000000000000000000007 /* LocalizationTests.swift in Sources */ = {isa = PBXBuildFile; fileRef = B10000000000000000000007 /* LocalizationTests.swift */; };
		A10000000000000000000009 /* MindBudgetPhase3UITests.swift in Sources */ = {isa = PBXBuildFile; fileRef = B10000000000000000000008 /* MindBudgetPhase3UITests.swift */; };
		A1000000000000000000000A /* XCTest.framework in Frameworks */ = {isa = PBXBuildFile; fileRef = B1000000000000000000000C /* XCTest.framework */; };
		A1000000000000000000000B /* Assets.xcassets in Resources */ = {isa = PBXBuildFile; fileRef = B1000000000000000000000D /* Assets.xcassets */; };
		A1000000000000000000000C /* Money.swift in Sources */ = {isa = PBXBuildFile; fileRef = B1000000000000000000000F /* Money.swift */; };
		A1000000000000000000000D /* Enums.swift in Sources */ = {isa = PBXBuildFile; fileRef = B10000000000000000000010 /* Enums.swift */; };
		A1000000000000000000000E /* WishItemStateMachine.swift in Sources */ = {isa = PBXBuildFile; fileRef = B10000000000000000000011 /* WishItemStateMachine.swift */; };
		A1000000000000000000000F /* Projections.swift in Sources */ = {isa = PBXBuildFile; fileRef = B10000000000000000000012 /* Projections.swift */; };
		A10000000000000000000010 /* Expense.swift in Sources */ = {isa = PBXBuildFile; fileRef = B10000000000000000000013 /* Expense.swift */; };
		A10000000000000000000011 /* BudgetPlan.swift in Sources */ = {isa = PBXBuildFile; fileRef = B10000000000000000000014 /* BudgetPlan.swift */; };
		A10000000000000000000012 /* CategoryBudget.swift in Sources */ = {isa = PBXBuildFile; fileRef = B10000000000000000000015 /* CategoryBudget.swift */; };
		A10000000000000000000013 /* WishItem.swift in Sources */ = {isa = PBXBuildFile; fileRef = B10000000000000000000016 /* WishItem.swift */; };
		A10000000000000000000014 /* CoolingOffPlan.swift in Sources */ = {isa = PBXBuildFile; fileRef = B10000000000000000000017 /* CoolingOffPlan.swift */; };
		A10000000000000000000015 /* SpendingInsight.swift in Sources */ = {isa = PBXBuildFile; fileRef = B10000000000000000000018 /* SpendingInsight.swift */; };
		A10000000000000000000016 /* ReflectionLog.swift in Sources */ = {isa = PBXBuildFile; fileRef = B10000000000000000000019 /* ReflectionLog.swift */; };
		A10000000000000000000017 /* Merchant.swift in Sources */ = {isa = PBXBuildFile; fileRef = B1000000000000000000001A /* Merchant.swift */; };
		A10000000000000000000018 /* ReminderEvent.swift in Sources */ = {isa = PBXBuildFile; fileRef = B1000000000000000000001B /* ReminderEvent.swift */; };
		A10000000000000000000019 /* SchemaV1.swift in Sources */ = {isa = PBXBuildFile; fileRef = B1000000000000000000001C /* SchemaV1.swift */; };
		A1000000000000000000001A /* MigrationPlan.swift in Sources */ = {isa = PBXBuildFile; fileRef = B1000000000000000000001D /* MigrationPlan.swift */; };
		A1000000000000000000001B /* RuleConfiguration.swift in Sources */ = {isa = PBXBuildFile; fileRef = B1000000000000000000001E /* RuleConfiguration.swift */; };
		A1000000000000000000001C /* SettingsStore.swift in Sources */ = {isa = PBXBuildFile; fileRef = B1000000000000000000001F /* SettingsStore.swift */; };
		A1000000000000000000001D /* DataTransferObjects.swift in Sources */ = {isa = PBXBuildFile; fileRef = B10000000000000000000020 /* DataTransferObjects.swift */; };
		A1000000000000000000001E /* DataController.swift in Sources */ = {isa = PBXBuildFile; fileRef = B10000000000000000000021 /* DataController.swift */; };
		A1000000000000000000001F /* DataActor.swift in Sources */ = {isa = PBXBuildFile; fileRef = B10000000000000000000022 /* DataActor.swift */; };
		A10000000000000000000020 /* SampleDataFactory.swift in Sources */ = {isa = PBXBuildFile; fileRef = B10000000000000000000023 /* SampleDataFactory.swift */; };
		A10000000000000000000021 /* MoneyTests.swift in Sources */ = {isa = PBXBuildFile; fileRef = B10000000000000000000024 /* MoneyTests.swift */; };
		A10000000000000000000022 /* ModelContractTests.swift in Sources */ = {isa = PBXBuildFile; fileRef = B10000000000000000000025 /* ModelContractTests.swift */; };
		A10000000000000000000023 /* SettingsStoreTests.swift in Sources */ = {isa = PBXBuildFile; fileRef = B10000000000000000000026 /* SettingsStoreTests.swift */; };
		A10000000000000000000024 /* DataActorTests.swift in Sources */ = {isa = PBXBuildFile; fileRef = B10000000000000000000027 /* DataActorTests.swift */; };
		A10000000000000000000025 /* TestFixtures.swift in Sources */ = {isa = PBXBuildFile; fileRef = B10000000000000000000028 /* TestFixtures.swift */; };
		A10000000000000000000026 /* BudgetEngine.swift in Sources */ = {isa = PBXBuildFile; fileRef = B10000000000000000000029 /* BudgetEngine.swift */; };
		A10000000000000000000027 /* BudgetCycleCalculator.swift in Sources */ = {isa = PBXBuildFile; fileRef = B1000000000000000000002A /* BudgetCycleCalculator.swift */; };
		A10000000000000000000028 /* CurrencyFormatterService.swift in Sources */ = {isa = PBXBuildFile; fileRef = B1000000000000000000002B /* CurrencyFormatterService.swift */; };
		A10000000000000000000029 /* BudgetEngineTests.swift in Sources */ = {isa = PBXBuildFile; fileRef = B1000000000000000000002C /* BudgetEngineTests.swift */; };
		A1000000000000000000002A /* DateBoundaryTests.swift in Sources */ = {isa = PBXBuildFile; fileRef = B1000000000000000000002D /* DateBoundaryTests.swift */; };
		A1000000000000000000002B /* CurrencyFormatterServiceTests.swift in Sources */ = {isa = PBXBuildFile; fileRef = B1000000000000000000002E /* CurrencyFormatterServiceTests.swift */; };
		A1000000000000000000002C /* SharedViews.swift in Sources */ = {isa = PBXBuildFile; fileRef = B1000000000000000000002F /* SharedViews.swift */; };
		A1000000000000000000002D /* OnboardingView.swift in Sources */ = {isa = PBXBuildFile; fileRef = B10000000000000000000030 /* OnboardingView.swift */; };
		A1000000000000000000002E /* DashboardView.swift in Sources */ = {isa = PBXBuildFile; fileRef = B10000000000000000000031 /* DashboardView.swift */; };
		A1000000000000000000002F /* AddExpenseView.swift in Sources */ = {isa = PBXBuildFile; fileRef = B10000000000000000000032 /* AddExpenseView.swift */; };
		A10000000000000000000030 /* ExpenseListView.swift in Sources */ = {isa = PBXBuildFile; fileRef = B10000000000000000000033 /* ExpenseListView.swift */; };
		A10000000000000000000031 /* InsightsView.swift in Sources */ = {isa = PBXBuildFile; fileRef = B10000000000000000000034 /* InsightsView.swift */; };
		A10000000000000000000032 /* WishlistView.swift in Sources */ = {isa = PBXBuildFile; fileRef = B10000000000000000000035 /* WishlistView.swift */; };
		A10000000000000000000033 /* SettingsView.swift in Sources */ = {isa = PBXBuildFile; fileRef = B10000000000000000000036 /* SettingsView.swift */; };
		A10000000000000000000034 /* Phase3FeatureTests.swift in Sources */ = {isa = PBXBuildFile; fileRef = B10000000000000000000037 /* Phase3FeatureTests.swift */; };
		A10000000000000000000035 /* CoolingOffCountdown.swift in Sources */ = {isa = PBXBuildFile; fileRef = B10000000000000000000038 /* CoolingOffCountdown.swift */; };
		A10000000000000000000036 /* Phase4FeatureTests.swift in Sources */ = {isa = PBXBuildFile; fileRef = B10000000000000000000039 /* Phase4FeatureTests.swift */; };
		A10000000000000000000037 /* AddWishItemView.swift in Sources */ = {isa = PBXBuildFile; fileRef = B1000000000000000000003A /* AddWishItemView.swift */; };
		A10000000000000000000038 /* WishlistDetailView.swift in Sources */ = {isa = PBXBuildFile; fileRef = B1000000000000000000003B /* WishlistDetailView.swift */; };
		A10000000000000000000039 /* CoolingOffView.swift in Sources */ = {isa = PBXBuildFile; fileRef = B1000000000000000000003C /* CoolingOffView.swift */; };
		A1000000000000000000003A /* SpendingPatternDetector.swift in Sources */ = {isa = PBXBuildFile; fileRef = B1000000000000000000003D /* SpendingPatternDetector.swift */; };
		A1000000000000000000003B /* ReminderThrottle.swift in Sources */ = {isa = PBXBuildFile; fileRef = B1000000000000000000003E /* ReminderThrottle.swift */; };
		A1000000000000000000003C /* ReminderEngine.swift in Sources */ = {isa = PBXBuildFile; fileRef = B1000000000000000000003F /* ReminderEngine.swift */; };
		A1000000000000000000003D /* Phase5FeatureTests.swift in Sources */ = {isa = PBXBuildFile; fileRef = B10000000000000000000040 /* Phase5FeatureTests.swift */; };
		A1000000000000000000003E /* NotificationScheduler.swift in Sources */ = {isa = PBXBuildFile; fileRef = B10000000000000000000041 /* NotificationScheduler.swift */; };
		A1000000000000000000003F /* PrivacyDeletionService.swift in Sources */ = {isa = PBXBuildFile; fileRef = B10000000000000000000042 /* PrivacyDeletionService.swift */; };
		A10000000000000000000040 /* CSVExporter.swift in Sources */ = {isa = PBXBuildFile; fileRef = B10000000000000000000043 /* CSVExporter.swift */; };
		A10000000000000000000041 /* ExportDataView.swift in Sources */ = {isa = PBXBuildFile; fileRef = B10000000000000000000044 /* ExportDataView.swift */; };
		A10000000000000000000042 /* PrivacySettingsView.swift in Sources */ = {isa = PBXBuildFile; fileRef = B10000000000000000000045 /* PrivacySettingsView.swift */; };
		A10000000000000000000043 /* Phase6FeatureTests.swift in Sources */ = {isa = PBXBuildFile; fileRef = B10000000000000000000046 /* Phase6FeatureTests.swift */; };
		A10000000000000000000044 /* AIAdviceGenerator.swift in Sources */ = {isa = PBXBuildFile; fileRef = B10000000000000000000047 /* AIAdviceGenerator.swift */; };
		A10000000000000000000045 /* PrivacyRedactor.swift in Sources */ = {isa = PBXBuildFile; fileRef = B10000000000000000000048 /* PrivacyRedactor.swift */; };
		A10000000000000000000046 /* IntentClassifier.swift in Sources */ = {isa = PBXBuildFile; fileRef = B10000000000000000000049 /* IntentClassifier.swift */; };
		A10000000000000000000047 /* AdviceSafetyValidator.swift in Sources */ = {isa = PBXBuildFile; fileRef = B1000000000000000000004A /* AdviceSafetyValidator.swift */; };
		A10000000000000000000048 /* AskMindBudgetService.swift in Sources */ = {isa = PBXBuildFile; fileRef = B1000000000000000000004B /* AskMindBudgetService.swift */; };
		A10000000000000000000049 /* AskMindBudgetView.swift in Sources */ = {isa = PBXBuildFile; fileRef = B1000000000000000000004C /* AskMindBudgetView.swift */; };
		A1000000000000000000004A /* AIStatusView.swift in Sources */ = {isa = PBXBuildFile; fileRef = B1000000000000000000004D /* AIStatusView.swift */; };
		A1000000000000000000004B /* BannedPhrases.json in Resources */ = {isa = PBXBuildFile; fileRef = B1000000000000000000004E /* BannedPhrases.json */; };
		A1000000000000000000004C /* CycleSummaryService.swift in Sources */ = {isa = PBXBuildFile; fileRef = B1000000000000000000004F /* CycleSummaryService.swift */; };
		A1000000000000000000004D /* Phase7FeatureTests.swift in Sources */ = {isa = PBXBuildFile; fileRef = B10000000000000000000050 /* Phase7FeatureTests.swift */; };
		A10000000000000000000058 /* Phase8AFeatureTests.swift in Sources */ = {isa = PBXBuildFile; fileRef = B1000000000000000000005B /* Phase8AFeatureTests.swift */; };
		A10000000000000000000059 /* AppShortcuts.xcstrings in Resources */ = {isa = PBXBuildFile; fileRef = B1000000000000000000005C /* AppShortcuts.xcstrings */; };
		A1000000000000000000005D /* InfoPlist.xcstrings in Resources */ = {isa = PBXBuildFile; fileRef = B10000000000000000000060 /* InfoPlist.xcstrings */; };
		A1000000000000000000005E /* AppTheme.swift in Sources */ = {isa = PBXBuildFile; fileRef = B10000000000000000000061 /* AppTheme.swift */; };
		A10000000000000000000063 /* Income.swift in Sources */ = {isa = PBXBuildFile; fileRef = B10000000000000000000063 /* Income.swift */; };
		A10000000000000000000064 /* SchemaV2.swift in Sources */ = {isa = PBXBuildFile; fileRef = B10000000000000000000064 /* SchemaV2.swift */; };
		A10000000000000000000065 /* AddIncomeView.swift in Sources */ = {isa = PBXBuildFile; fileRef = B10000000000000000000065 /* AddIncomeView.swift */; };
		A10000000000000000000066 /* Phase11FreeTierTests.swift in Sources */ = {isa = PBXBuildFile; fileRef = B10000000000000000000066 /* Phase11FreeTierTests.swift */; };
		A10000000000000000000067 /* EntitlementDomain.swift in Sources */ = {isa = PBXBuildFile; fileRef = B10000000000000000000067 /* EntitlementDomain.swift */; };
		A10000000000000000000068 /* CommercializationEntitlementTests.swift in Sources */ = {isa = PBXBuildFile; fileRef = B10000000000000000000068 /* CommercializationEntitlementTests.swift */; };
		A10000000000000000000069 /* FeatureAccessService.swift in Sources */ = {isa = PBXBuildFile; fileRef = B10000000000000000000069 /* FeatureAccessService.swift */; };
		A10000000000000000000070 /* StoreKitTestCatalogTests.swift in Sources */ = {isa = PBXBuildFile; fileRef = B10000000000000000000070 /* StoreKitTestCatalogTests.swift */; };
		A10000000000000000000072 /* StoreCatalog.swift in Sources */ = {isa = PBXBuildFile; fileRef = B10000000000000000000072 /* StoreCatalog.swift */; };
		A10000000000000000000073 /* EntitlementStore.swift in Sources */ = {isa = PBXBuildFile; fileRef = B10000000000000000000073 /* EntitlementStore.swift */; };
		A10000000000000000000074 /* StoreRuntimeTests.swift in Sources */ = {isa = PBXBuildFile; fileRef = B10000000000000000000074 /* StoreRuntimeTests.swift */; };
		A10000000000000000000075 /* StoreLifecycleDomainTests.swift in Sources */ = {isa = PBXBuildFile; fileRef = B10000000000000000000075 /* StoreLifecycleDomainTests.swift */; };
		A10000000000000000000076 /* ProSubscriptionView.swift in Sources */ = {isa = PBXBuildFile; fileRef = B10000000000000000000076 /* ProSubscriptionView.swift */; };
		A10000000000000000000077 /* TrialLifecycle.swift in Sources */ = {isa = PBXBuildFile; fileRef = B10000000000000000000077 /* TrialLifecycle.swift */; };
		A10000000000000000000078 /* TrialLifecycleTests.swift in Sources */ = {isa = PBXBuildFile; fileRef = B10000000000000000000078 /* TrialLifecycleTests.swift */; };
		A10000000000000000000079 /* PublicConfiguration.swift in Sources */ = {isa = PBXBuildFile; fileRef = B10000000000000000000079 /* PublicConfiguration.swift */; };
		A1000000000000000000007A /* PublicConfigurationTests.swift in Sources */ = {isa = PBXBuildFile; fileRef = B1000000000000000000007A /* PublicConfigurationTests.swift */; };
		A1000000000000000000007B /* PublicConfigurationTransport.swift in Sources */ = {isa = PBXBuildFile; fileRef = B1000000000000000000007B /* PublicConfigurationTransport.swift */; };
		A1000000000000000000007C /* PublicConfigurationTransportTests.swift in Sources */ = {isa = PBXBuildFile; fileRef = B1000000000000000000007C /* PublicConfigurationTransportTests.swift */; };
		A10000000000000000000071 /* MindBudgetPro.storekit in Resources */ = {isa = PBXBuildFile; fileRef = B10000000000000000000071 /* MindBudgetPro.storekit */; };
		A1000000000000000000004E /* SystemIntegrationCapability.swift in Sources */ = {isa = PBXBuildFile; fileRef = B10000000000000000000051 /* SystemIntegrationCapability.swift */; };
		A1000000000000000000004F /* SpotlightIndexingService.swift in Sources */ = {isa = PBXBuildFile; fileRef = B10000000000000000000052 /* SpotlightIndexingService.swift */; };
		A10000000000000000000050 /* IntentSupport.swift in Sources */ = {isa = PBXBuildFile; fileRef = B10000000000000000000053 /* IntentSupport.swift */; };
		A10000000000000000000051 /* IntentMoneyTransport.swift in Sources */ = {isa = PBXBuildFile; fileRef = B10000000000000000000054 /* IntentMoneyTransport.swift */; };
		A10000000000000000000052 /* MindBudgetEntities.swift in Sources */ = {isa = PBXBuildFile; fileRef = B10000000000000000000055 /* MindBudgetEntities.swift */; };
		A10000000000000000000053 /* IntentEnums.swift in Sources */ = {isa = PBXBuildFile; fileRef = B10000000000000000000056 /* IntentEnums.swift */; };
		A10000000000000000000054 /* MindBudgetIntents.swift in Sources */ = {isa = PBXBuildFile; fileRef = B10000000000000000000057 /* MindBudgetIntents.swift */; };
		A1000000000000000000005A /* OnscreenAwareness.swift in Sources */ = {isa = PBXBuildFile; fileRef = B1000000000000000000005D /* OnscreenAwareness.swift */; };
		A1000000000000000000005B /* Phase9FeatureTests.swift in Sources */ = {isa = PBXBuildFile; fileRef = B1000000000000000000005E /* Phase9FeatureTests.swift */; };
		A1000000000000000000005C /* Phase10ReleaseReadinessTests.swift in Sources */ = {isa = PBXBuildFile; fileRef = B1000000000000000000005F /* Phase10ReleaseReadinessTests.swift */; };
/* End PBXBuildFile section */

/* Begin PBXContainerItemProxy section */
		J10000000000000000000001 /* PBXContainerItemProxy */ = {
			isa = PBXContainerItemProxy;
			containerPortal = E10000000000000000000001 /* Project object */;
			proxyType = 1;
			remoteGlobalIDString = D10000000000000000000001;
			remoteInfo = MindBudget;
		};
		J10000000000000000000002 /* PBXContainerItemProxy */ = {
			isa = PBXContainerItemProxy;
			containerPortal = E10000000000000000000001 /* Project object */;
			proxyType = 1;
			remoteGlobalIDString = D10000000000000000000001;
			remoteInfo = MindBudget;
		};
/* End PBXContainerItemProxy section */

/* Begin PBXFileReference section */
		B10000000000000000000001 /* MindBudgetApp.swift */ = {isa = PBXFileReference; lastKnownFileType = sourcecode.swift; path = MindBudgetApp.swift; sourceTree = "<group>"; };
		B10000000000000000000002 /* AppRouter.swift */ = {isa = PBXFileReference; lastKnownFileType = sourcecode.swift; path = AppRouter.swift; sourceTree = "<group>"; };
		B10000000000000000000003 /* AppEnvironment.swift */ = {isa = PBXFileReference; lastKnownFileType = sourcecode.swift; path = AppEnvironment.swift; sourceTree = "<group>"; };
		B10000000000000000000004 /* FeatureFlags.swift */ = {isa = PBXFileReference; lastKnownFileType = sourcecode.swift; path = FeatureFlags.swift; sourceTree = "<group>"; };
		B10000000000000000000005 /* Localizable.xcstrings */ = {isa = PBXFileReference; lastKnownFileType = text.json.xcstrings; path = Localizable.xcstrings; sourceTree = "<group>"; };
		B10000000000000000000006 /* PrivacyInfo.xcprivacy */ = {isa = PBXFileReference; lastKnownFileType = text.xml; path = PrivacyInfo.xcprivacy; sourceTree = "<group>"; };
		B10000000000000000000007 /* LocalizationTests.swift */ = {isa = PBXFileReference; lastKnownFileType = sourcecode.swift; path = LocalizationTests.swift; sourceTree = "<group>"; };
		B10000000000000000000008 /* MindBudgetPhase3UITests.swift */ = {isa = PBXFileReference; lastKnownFileType = sourcecode.swift; path = MindBudgetPhase3UITests.swift; sourceTree = "<group>"; };
		B10000000000000000000009 /* MindBudget.app */ = {isa = PBXFileReference; explicitFileType = wrapper.application; includeInIndex = 0; path = MindBudget.app; sourceTree = BUILT_PRODUCTS_DIR; };
		B1000000000000000000000A /* MindBudgetTests.xctest */ = {isa = PBXFileReference; explicitFileType = wrapper.cfbundle; includeInIndex = 0; path = MindBudgetTests.xctest; sourceTree = BUILT_PRODUCTS_DIR; };
		B1000000000000000000000B /* MindBudgetUITests.xctest */ = {isa = PBXFileReference; explicitFileType = wrapper.cfbundle; includeInIndex = 0; path = MindBudgetUITests.xctest; sourceTree = BUILT_PRODUCTS_DIR; };
		B1000000000000000000000C /* XCTest.framework */ = {isa = PBXFileReference; lastKnownFileType = wrapper.framework; name = XCTest.framework; path = System/Library/Frameworks/XCTest.framework; sourceTree = SDKROOT; };
		B1000000000000000000000D /* Assets.xcassets */ = {isa = PBXFileReference; lastKnownFileType = folder.assetcatalog; path = Assets.xcassets; sourceTree = "<group>"; };
		B1000000000000000000000E /* Shared.xcconfig */ = {isa = PBXFileReference; lastKnownFileType = text.xcconfig; path = Shared.xcconfig; sourceTree = "<group>"; };
		B1000000000000000000000F /* Money.swift */ = {isa = PBXFileReference; lastKnownFileType = sourcecode.swift; path = Money.swift; sourceTree = "<group>"; };
		B10000000000000000000010 /* Enums.swift */ = {isa = PBXFileReference; lastKnownFileType = sourcecode.swift; path = Enums.swift; sourceTree = "<group>"; };
		B10000000000000000000011 /* WishItemStateMachine.swift */ = {isa = PBXFileReference; lastKnownFileType = sourcecode.swift; path = WishItemStateMachine.swift; sourceTree = "<group>"; };
		B10000000000000000000012 /* Projections.swift */ = {isa = PBXFileReference; lastKnownFileType = sourcecode.swift; path = Projections.swift; sourceTree = "<group>"; };
		B10000000000000000000013 /* Expense.swift */ = {isa = PBXFileReference; lastKnownFileType = sourcecode.swift; path = Expense.swift; sourceTree = "<group>"; };
		B10000000000000000000014 /* BudgetPlan.swift */ = {isa = PBXFileReference; lastKnownFileType = sourcecode.swift; path = BudgetPlan.swift; sourceTree = "<group>"; };
		B10000000000000000000015 /* CategoryBudget.swift */ = {isa = PBXFileReference; lastKnownFileType = sourcecode.swift; path = CategoryBudget.swift; sourceTree = "<group>"; };
		B10000000000000000000016 /* WishItem.swift */ = {isa = PBXFileReference; lastKnownFileType = sourcecode.swift; path = WishItem.swift; sourceTree = "<group>"; };
		B10000000000000000000017 /* CoolingOffPlan.swift */ = {isa = PBXFileReference; lastKnownFileType = sourcecode.swift; path = CoolingOffPlan.swift; sourceTree = "<group>"; };
		B10000000000000000000018 /* SpendingInsight.swift */ = {isa = PBXFileReference; lastKnownFileType = sourcecode.swift; path = SpendingInsight.swift; sourceTree = "<group>"; };
		B10000000000000000000019 /* ReflectionLog.swift */ = {isa = PBXFileReference; lastKnownFileType = sourcecode.swift; path = ReflectionLog.swift; sourceTree = "<group>"; };
		B1000000000000000000001A /* Merchant.swift */ = {isa = PBXFileReference; lastKnownFileType = sourcecode.swift; path = Merchant.swift; sourceTree = "<group>"; };
		B1000000000000000000001B /* ReminderEvent.swift */ = {isa = PBXFileReference; lastKnownFileType = sourcecode.swift; path = ReminderEvent.swift; sourceTree = "<group>"; };
		B1000000000000000000001C /* SchemaV1.swift */ = {isa = PBXFileReference; lastKnownFileType = sourcecode.swift; path = SchemaV1.swift; sourceTree = "<group>"; };
		B1000000000000000000001D /* MigrationPlan.swift */ = {isa = PBXFileReference; lastKnownFileType = sourcecode.swift; path = MigrationPlan.swift; sourceTree = "<group>"; };
		B1000000000000000000001E /* RuleConfiguration.swift */ = {isa = PBXFileReference; lastKnownFileType = sourcecode.swift; path = RuleConfiguration.swift; sourceTree = "<group>"; };
		B1000000000000000000001F /* SettingsStore.swift */ = {isa = PBXFileReference; lastKnownFileType = sourcecode.swift; path = SettingsStore.swift; sourceTree = "<group>"; };
		B10000000000000000000020 /* DataTransferObjects.swift */ = {isa = PBXFileReference; lastKnownFileType = sourcecode.swift; path = DataTransferObjects.swift; sourceTree = "<group>"; };
		B10000000000000000000021 /* DataController.swift */ = {isa = PBXFileReference; lastKnownFileType = sourcecode.swift; path = DataController.swift; sourceTree = "<group>"; };
		B10000000000000000000022 /* DataActor.swift */ = {isa = PBXFileReference; lastKnownFileType = sourcecode.swift; path = DataActor.swift; sourceTree = "<group>"; };
		B10000000000000000000023 /* SampleDataFactory.swift */ = {isa = PBXFileReference; lastKnownFileType = sourcecode.swift; path = SampleDataFactory.swift; sourceTree = "<group>"; };
		B10000000000000000000024 /* MoneyTests.swift */ = {isa = PBXFileReference; lastKnownFileType = sourcecode.swift; path = MoneyTests.swift; sourceTree = "<group>"; };
		B10000000000000000000025 /* ModelContractTests.swift */ = {isa = PBXFileReference; lastKnownFileType = sourcecode.swift; path = ModelContractTests.swift; sourceTree = "<group>"; };
		B10000000000000000000026 /* SettingsStoreTests.swift */ = {isa = PBXFileReference; lastKnownFileType = sourcecode.swift; path = SettingsStoreTests.swift; sourceTree = "<group>"; };
		B10000000000000000000027 /* DataActorTests.swift */ = {isa = PBXFileReference; lastKnownFileType = sourcecode.swift; path = DataActorTests.swift; sourceTree = "<group>"; };
		B10000000000000000000028 /* TestFixtures.swift */ = {isa = PBXFileReference; lastKnownFileType = sourcecode.swift; path = TestFixtures.swift; sourceTree = "<group>"; };
		B10000000000000000000029 /* BudgetEngine.swift */ = {isa = PBXFileReference; lastKnownFileType = sourcecode.swift; path = BudgetEngine.swift; sourceTree = "<group>"; };
		B1000000000000000000002A /* BudgetCycleCalculator.swift */ = {isa = PBXFileReference; lastKnownFileType = sourcecode.swift; path = BudgetCycleCalculator.swift; sourceTree = "<group>"; };
		B1000000000000000000002B /* CurrencyFormatterService.swift */ = {isa = PBXFileReference; lastKnownFileType = sourcecode.swift; path = CurrencyFormatterService.swift; sourceTree = "<group>"; };
		B1000000000000000000002C /* BudgetEngineTests.swift */ = {isa = PBXFileReference; lastKnownFileType = sourcecode.swift; path = BudgetEngineTests.swift; sourceTree = "<group>"; };
		B1000000000000000000002D /* DateBoundaryTests.swift */ = {isa = PBXFileReference; lastKnownFileType = sourcecode.swift; path = DateBoundaryTests.swift; sourceTree = "<group>"; };
		B1000000000000000000002E /* CurrencyFormatterServiceTests.swift */ = {isa = PBXFileReference; lastKnownFileType = sourcecode.swift; path = CurrencyFormatterServiceTests.swift; sourceTree = "<group>"; };
		B1000000000000000000002F /* SharedViews.swift */ = {isa = PBXFileReference; lastKnownFileType = sourcecode.swift; path = SharedViews.swift; sourceTree = "<group>"; };
		B10000000000000000000030 /* OnboardingView.swift */ = {isa = PBXFileReference; lastKnownFileType = sourcecode.swift; path = OnboardingView.swift; sourceTree = "<group>"; };
		B10000000000000000000031 /* DashboardView.swift */ = {isa = PBXFileReference; lastKnownFileType = sourcecode.swift; path = DashboardView.swift; sourceTree = "<group>"; };
		B10000000000000000000032 /* AddExpenseView.swift */ = {isa = PBXFileReference; lastKnownFileType = sourcecode.swift; path = AddExpenseView.swift; sourceTree = "<group>"; };
		B10000000000000000000033 /* ExpenseListView.swift */ = {isa = PBXFileReference; lastKnownFileType = sourcecode.swift; path = ExpenseListView.swift; sourceTree = "<group>"; };
		B10000000000000000000034 /* InsightsView.swift */ = {isa = PBXFileReference; lastKnownFileType = sourcecode.swift; path = InsightsView.swift; sourceTree = "<group>"; };
		B10000000000000000000035 /* WishlistView.swift */ = {isa = PBXFileReference; lastKnownFileType = sourcecode.swift; path = WishlistView.swift; sourceTree = "<group>"; };
		B10000000000000000000036 /* SettingsView.swift */ = {isa = PBXFileReference; lastKnownFileType = sourcecode.swift; path = SettingsView.swift; sourceTree = "<group>"; };
		B10000000000000000000037 /* Phase3FeatureTests.swift */ = {isa = PBXFileReference; lastKnownFileType = sourcecode.swift; path = Phase3FeatureTests.swift; sourceTree = "<group>"; };
		B10000000000000000000038 /* CoolingOffCountdown.swift */ = {isa = PBXFileReference; lastKnownFileType = sourcecode.swift; path = CoolingOffCountdown.swift; sourceTree = "<group>"; };
		B10000000000000000000039 /* Phase4FeatureTests.swift */ = {isa = PBXFileReference; lastKnownFileType = sourcecode.swift; path = Phase4FeatureTests.swift; sourceTree = "<group>"; };
		B1000000000000000000003A /* AddWishItemView.swift */ = {isa = PBXFileReference; lastKnownFileType = sourcecode.swift; path = AddWishItemView.swift; sourceTree = "<group>"; };
		B1000000000000000000003B /* WishlistDetailView.swift */ = {isa = PBXFileReference; lastKnownFileType = sourcecode.swift; path = WishlistDetailView.swift; sourceTree = "<group>"; };
		B1000000000000000000003C /* CoolingOffView.swift */ = {isa = PBXFileReference; lastKnownFileType = sourcecode.swift; path = CoolingOffView.swift; sourceTree = "<group>"; };
		B1000000000000000000003D /* SpendingPatternDetector.swift */ = {isa = PBXFileReference; lastKnownFileType = sourcecode.swift; path = SpendingPatternDetector.swift; sourceTree = "<group>"; };
		B1000000000000000000003E /* ReminderThrottle.swift */ = {isa = PBXFileReference; lastKnownFileType = sourcecode.swift; path = ReminderThrottle.swift; sourceTree = "<group>"; };
		B1000000000000000000003F /* ReminderEngine.swift */ = {isa = PBXFileReference; lastKnownFileType = sourcecode.swift; path = ReminderEngine.swift; sourceTree = "<group>"; };
		B10000000000000000000040 /* Phase5FeatureTests.swift */ = {isa = PBXFileReference; lastKnownFileType = sourcecode.swift; path = Phase5FeatureTests.swift; sourceTree = "<group>"; };
		B10000000000000000000041 /* NotificationScheduler.swift */ = {isa = PBXFileReference; lastKnownFileType = sourcecode.swift; path = NotificationScheduler.swift; sourceTree = "<group>"; };
		B10000000000000000000042 /* PrivacyDeletionService.swift */ = {isa = PBXFileReference; lastKnownFileType = sourcecode.swift; path = PrivacyDeletionService.swift; sourceTree = "<group>"; };
		B10000000000000000000043 /* CSVExporter.swift */ = {isa = PBXFileReference; lastKnownFileType = sourcecode.swift; path = CSVExporter.swift; sourceTree = "<group>"; };
		B10000000000000000000044 /* ExportDataView.swift */ = {isa = PBXFileReference; lastKnownFileType = sourcecode.swift; path = ExportDataView.swift; sourceTree = "<group>"; };
		B10000000000000000000045 /* PrivacySettingsView.swift */ = {isa = PBXFileReference; lastKnownFileType = sourcecode.swift; path = PrivacySettingsView.swift; sourceTree = "<group>"; };
		B10000000000000000000046 /* Phase6FeatureTests.swift */ = {isa = PBXFileReference; lastKnownFileType = sourcecode.swift; path = Phase6FeatureTests.swift; sourceTree = "<group>"; };
		B10000000000000000000047 /* AIAdviceGenerator.swift */ = {isa = PBXFileReference; lastKnownFileType = sourcecode.swift; path = AIAdviceGenerator.swift; sourceTree = "<group>"; };
		B10000000000000000000048 /* PrivacyRedactor.swift */ = {isa = PBXFileReference; lastKnownFileType = sourcecode.swift; path = PrivacyRedactor.swift; sourceTree = "<group>"; };
		B10000000000000000000049 /* IntentClassifier.swift */ = {isa = PBXFileReference; lastKnownFileType = sourcecode.swift; path = IntentClassifier.swift; sourceTree = "<group>"; };
		B1000000000000000000004A /* AdviceSafetyValidator.swift */ = {isa = PBXFileReference; lastKnownFileType = sourcecode.swift; path = AdviceSafetyValidator.swift; sourceTree = "<group>"; };
		B1000000000000000000004B /* AskMindBudgetService.swift */ = {isa = PBXFileReference; lastKnownFileType = sourcecode.swift; path = AskMindBudgetService.swift; sourceTree = "<group>"; };
		B1000000000000000000004C /* AskMindBudgetView.swift */ = {isa = PBXFileReference; lastKnownFileType = sourcecode.swift; path = AskMindBudgetView.swift; sourceTree = "<group>"; };
		B1000000000000000000004D /* AIStatusView.swift */ = {isa = PBXFileReference; lastKnownFileType = sourcecode.swift; path = AIStatusView.swift; sourceTree = "<group>"; };
		B1000000000000000000004E /* BannedPhrases.json */ = {isa = PBXFileReference; lastKnownFileType = text.json; path = BannedPhrases.json; sourceTree = "<group>"; };
		B1000000000000000000004F /* CycleSummaryService.swift */ = {isa = PBXFileReference; lastKnownFileType = sourcecode.swift; path = CycleSummaryService.swift; sourceTree = "<group>"; };
		B10000000000000000000050 /* Phase7FeatureTests.swift */ = {isa = PBXFileReference; lastKnownFileType = sourcecode.swift; path = Phase7FeatureTests.swift; sourceTree = "<group>"; };
		B1000000000000000000005B /* Phase8AFeatureTests.swift */ = {isa = PBXFileReference; lastKnownFileType = sourcecode.swift; path = Phase8AFeatureTests.swift; sourceTree = "<group>"; };
		B1000000000000000000005C /* AppShortcuts.xcstrings */ = {isa = PBXFileReference; lastKnownFileType = text.json.xcstrings; path = AppShortcuts.xcstrings; sourceTree = "<group>"; };
		B10000000000000000000051 /* SystemIntegrationCapability.swift */ = {isa = PBXFileReference; lastKnownFileType = sourcecode.swift; path = SystemIntegrationCapability.swift; sourceTree = "<group>"; };
		B10000000000000000000052 /* SpotlightIndexingService.swift */ = {isa = PBXFileReference; lastKnownFileType = sourcecode.swift; path = SpotlightIndexingService.swift; sourceTree = "<group>"; };
		B10000000000000000000053 /* IntentSupport.swift */ = {isa = PBXFileReference; lastKnownFileType = sourcecode.swift; path = IntentSupport.swift; sourceTree = "<group>"; };
		B10000000000000000000054 /* IntentMoneyTransport.swift */ = {isa = PBXFileReference; lastKnownFileType = sourcecode.swift; path = IntentMoneyTransport.swift; sourceTree = "<group>"; };
		B10000000000000000000055 /* MindBudgetEntities.swift */ = {isa = PBXFileReference; lastKnownFileType = sourcecode.swift; path = MindBudgetEntities.swift; sourceTree = "<group>"; };
		B10000000000000000000056 /* IntentEnums.swift */ = {isa = PBXFileReference; lastKnownFileType = sourcecode.swift; path = IntentEnums.swift; sourceTree = "<group>"; };
		B10000000000000000000057 /* MindBudgetIntents.swift */ = {isa = PBXFileReference; lastKnownFileType = sourcecode.swift; path = MindBudgetIntents.swift; sourceTree = "<group>"; };
		B1000000000000000000005D /* OnscreenAwareness.swift */ = {isa = PBXFileReference; lastKnownFileType = sourcecode.swift; path = OnscreenAwareness.swift; sourceTree = "<group>"; };
		B1000000000000000000005E /* Phase9FeatureTests.swift */ = {isa = PBXFileReference; lastKnownFileType = sourcecode.swift; path = Phase9FeatureTests.swift; sourceTree = "<group>"; };
		B1000000000000000000005F /* Phase10ReleaseReadinessTests.swift */ = {isa = PBXFileReference; lastKnownFileType = sourcecode.swift; path = Phase10ReleaseReadinessTests.swift; sourceTree = "<group>"; };
		B10000000000000000000060 /* InfoPlist.xcstrings */ = {isa = PBXFileReference; lastKnownFileType = text.json.xcstrings; path = InfoPlist.xcstrings; sourceTree = "<group>"; };
		B10000000000000000000061 /* AppTheme.swift */ = {isa = PBXFileReference; lastKnownFileType = sourcecode.swift; path = AppTheme.swift; sourceTree = "<group>"; };
		B10000000000000000000063 /* Income.swift */ = {isa = PBXFileReference; lastKnownFileType = sourcecode.swift; path = Income.swift; sourceTree = "<group>"; };
		B10000000000000000000064 /* SchemaV2.swift */ = {isa = PBXFileReference; lastKnownFileType = sourcecode.swift; path = SchemaV2.swift; sourceTree = "<group>"; };
		B10000000000000000000065 /* AddIncomeView.swift */ = {isa = PBXFileReference; lastKnownFileType = sourcecode.swift; path = AddIncomeView.swift; sourceTree = "<group>"; };
		B10000000000000000000066 /* Phase11FreeTierTests.swift */ = {isa = PBXFileReference; lastKnownFileType = sourcecode.swift; path = Phase11FreeTierTests.swift; sourceTree = "<group>"; };
		B10000000000000000000067 /* EntitlementDomain.swift */ = {isa = PBXFileReference; lastKnownFileType = sourcecode.swift; path = EntitlementDomain.swift; sourceTree = "<group>"; };
		B10000000000000000000068 /* CommercializationEntitlementTests.swift */ = {isa = PBXFileReference; lastKnownFileType = sourcecode.swift; path = CommercializationEntitlementTests.swift; sourceTree = "<group>"; };
		B10000000000000000000069 /* FeatureAccessService.swift */ = {isa = PBXFileReference; lastKnownFileType = sourcecode.swift; path = FeatureAccessService.swift; sourceTree = "<group>"; };
		B10000000000000000000070 /* StoreKitTestCatalogTests.swift */ = {isa = PBXFileReference; lastKnownFileType = sourcecode.swift; path = StoreKitTestCatalogTests.swift; sourceTree = "<group>"; };
		B10000000000000000000072 /* StoreCatalog.swift */ = {isa = PBXFileReference; lastKnownFileType = sourcecode.swift; path = StoreCatalog.swift; sourceTree = "<group>"; };
		B10000000000000000000073 /* EntitlementStore.swift */ = {isa = PBXFileReference; lastKnownFileType = sourcecode.swift; path = EntitlementStore.swift; sourceTree = "<group>"; };
		B10000000000000000000074 /* StoreRuntimeTests.swift */ = {isa = PBXFileReference; lastKnownFileType = sourcecode.swift; path = StoreRuntimeTests.swift; sourceTree = "<group>"; };
		B10000000000000000000075 /* StoreLifecycleDomainTests.swift */ = {isa = PBXFileReference; lastKnownFileType = sourcecode.swift; path = StoreLifecycleDomainTests.swift; sourceTree = "<group>"; };
		B10000000000000000000076 /* ProSubscriptionView.swift */ = {isa = PBXFileReference; lastKnownFileType = sourcecode.swift; path = ProSubscriptionView.swift; sourceTree = "<group>"; };
		B10000000000000000000077 /* TrialLifecycle.swift */ = {isa = PBXFileReference; lastKnownFileType = sourcecode.swift; path = TrialLifecycle.swift; sourceTree = "<group>"; };
		B10000000000000000000078 /* TrialLifecycleTests.swift */ = {isa = PBXFileReference; lastKnownFileType = sourcecode.swift; path = TrialLifecycleTests.swift; sourceTree = "<group>"; };
		B10000000000000000000079 /* PublicConfiguration.swift */ = {isa = PBXFileReference; lastKnownFileType = sourcecode.swift; path = PublicConfiguration.swift; sourceTree = "<group>"; };
		B1000000000000000000007A /* PublicConfigurationTests.swift */ = {isa = PBXFileReference; lastKnownFileType = sourcecode.swift; path = PublicConfigurationTests.swift; sourceTree = "<group>"; };
		B1000000000000000000007B /* PublicConfigurationTransport.swift */ = {isa = PBXFileReference; lastKnownFileType = sourcecode.swift; path = PublicConfigurationTransport.swift; sourceTree = "<group>"; };
		B1000000000000000000007C /* PublicConfigurationTransportTests.swift */ = {isa = PBXFileReference; lastKnownFileType = sourcecode.swift; path = PublicConfigurationTransportTests.swift; sourceTree = "<group>"; };
		B10000000000000000000071 /* MindBudgetPro.storekit */ = {isa = PBXFileReference; lastKnownFileType = text; path = StoreKit/MindBudgetPro.storekit; sourceTree = "<group>"; };
/* End PBXFileReference section */

/* Begin PBXFrameworksBuildPhase section */
		F10000000000000000000002 /* Frameworks */ = {isa = PBXFrameworksBuildPhase; buildActionMask = 2147483647; files = (); runOnlyForDeploymentPostprocessing = 0; };
		F10000000000000000000005 /* Frameworks */ = {isa = PBXFrameworksBuildPhase; buildActionMask = 2147483647; files = (); runOnlyForDeploymentPostprocessing = 0; };
		F10000000000000000000008 /* Frameworks */ = {isa = PBXFrameworksBuildPhase; buildActionMask = 2147483647; files = (A1000000000000000000000A /* XCTest.framework in Frameworks */,); runOnlyForDeploymentPostprocessing = 0; };
/* End PBXFrameworksBuildPhase section */

/* Begin PBXGroup section */
		C10000000000000000000000 = {
			isa = PBXGroup;
			children = (
				C10000000000000000000001 /* MindBudget */,
				C10000000000000000000002 /* MindBudgetTests */,
				C10000000000000000000003 /* MindBudgetUITests */,
				C10000000000000000000018 /* Config */,
				B1000000000000000000000C /* XCTest.framework */,
				C10000000000000000000004 /* Products */,
			);
			sourceTree = "<group>";
		};
		C10000000000000000000001 /* MindBudget */ = {
			isa = PBXGroup;
			children = (
				C10000000000000000000005 /* App */,
				C10000000000000000000006 /* Models */,
				C10000000000000000000007 /* Data */,
				C10000000000000000000008 /* Services */,
				C10000000000000000000009 /* Features */,
				C1000000000000000000001A /* Commerce */,
				C1000000000000000000000A /* AppIntents */,
				C1000000000000000000000B /* Resources */,
			);
			path = MindBudget;
			sourceTree = "<group>";
		};
		C10000000000000000000002 /* MindBudgetTests */ = {isa = PBXGroup; children = (B10000000000000000000028 /* TestFixtures.swift */, B10000000000000000000007 /* LocalizationTests.swift */, B10000000000000000000024 /* MoneyTests.swift */, B10000000000000000000025 /* ModelContractTests.swift */, B10000000000000000000026 /* SettingsStoreTests.swift */, B10000000000000000000027 /* DataActorTests.swift */, B1000000000000000000002C /* BudgetEngineTests.swift */, B1000000000000000000002D /* DateBoundaryTests.swift */, B1000000000000000000002E /* CurrencyFormatterServiceTests.swift */, B10000000000000000000037 /* Phase3FeatureTests.swift */, B10000000000000000000039 /* Phase4FeatureTests.swift */, B10000000000000000000040 /* Phase5FeatureTests.swift */, B10000000000000000000046 /* Phase6FeatureTests.swift */, B10000000000000000000050 /* Phase7FeatureTests.swift */, B1000000000000000000005B /* Phase8AFeatureTests.swift */, B1000000000000000000005E /* Phase9FeatureTests.swift */, B1000000000000000000005F /* Phase10ReleaseReadinessTests.swift */, B10000000000000000000066 /* Phase11FreeTierTests.swift */, B10000000000000000000068 /* CommercializationEntitlementTests.swift */, B10000000000000000000070 /* StoreKitTestCatalogTests.swift */, B10000000000000000000074 /* StoreRuntimeTests.swift */, B10000000000000000000075 /* StoreLifecycleDomainTests.swift */, B10000000000000000000078 /* TrialLifecycleTests.swift */, B1000000000000000000007A /* PublicConfigurationTests.swift */, B1000000000000000000007C /* PublicConfigurationTransportTests.swift */,); path = MindBudgetTests; sourceTree = "<group>"; };
		C10000000000000000000003 /* MindBudgetUITests */ = {isa = PBXGroup; children = (B10000000000000000000008 /* MindBudgetPhase3UITests.swift */,); path = MindBudgetUITests; sourceTree = "<group>"; };
		C10000000000000000000004 /* Products */ = {isa = PBXGroup; children = (B10000000000000000000009 /* MindBudget.app */, B1000000000000000000000A /* MindBudgetTests.xctest */, B1000000000000000000000B /* MindBudgetUITests.xctest */,); name = Products; sourceTree = "<group>"; };
		C10000000000000000000005 /* App */ = {isa = PBXGroup; children = (B10000000000000000000001 /* MindBudgetApp.swift */, B10000000000000000000002 /* AppRouter.swift */, B10000000000000000000003 /* AppEnvironment.swift */, B10000000000000000000004 /* FeatureFlags.swift */,); path = App; sourceTree = "<group>"; };
		C10000000000000000000006 /* Models */ = {isa = PBXGroup; children = (C1000000000000000000000C /* Schema */, B1000000000000000000000F /* Money.swift */, B10000000000000000000010 /* Enums.swift */, B10000000000000000000011 /* WishItemStateMachine.swift */, B10000000000000000000012 /* Projections.swift */, B10000000000000000000013 /* Expense.swift */, B10000000000000000000063 /* Income.swift */, B10000000000000000000014 /* BudgetPlan.swift */, B10000000000000000000015 /* CategoryBudget.swift */, B10000000000000000000016 /* WishItem.swift */, B10000000000000000000017 /* CoolingOffPlan.swift */, B10000000000000000000018 /* SpendingInsight.swift */, B10000000000000000000019 /* ReflectionLog.swift */, B1000000000000000000001A /* Merchant.swift */, B1000000000000000000001B /* ReminderEvent.swift */,); path = Models; sourceTree = "<group>"; };
		C10000000000000000000007 /* Data */ = {isa = PBXGroup; children = (B10000000000000000000020 /* DataTransferObjects.swift */, B10000000000000000000021 /* DataController.swift */, B10000000000000000000022 /* DataActor.swift */, B10000000000000000000023 /* SampleDataFactory.swift */, B10000000000000000000043 /* CSVExporter.swift */,); path = Data; sourceTree = "<group>"; };
		C10000000000000000000008 /* Services */ = {isa = PBXGroup; children = (B1000000000000000000001E /* RuleConfiguration.swift */, B1000000000000000000001F /* SettingsStore.swift */, B10000000000000000000051 /* SystemIntegrationCapability.swift */, B1000000000000000000005D /* OnscreenAwareness.swift */, B10000000000000000000052 /* SpotlightIndexingService.swift */, B10000000000000000000029 /* BudgetEngine.swift */, B1000000000000000000002A /* BudgetCycleCalculator.swift */, B1000000000000000000002B /* CurrencyFormatterService.swift */, B10000000000000000000038 /* CoolingOffCountdown.swift */, B1000000000000000000003D /* SpendingPatternDetector.swift */, B1000000000000000000003E /* ReminderThrottle.swift */, B1000000000000000000003F /* ReminderEngine.swift */, B10000000000000000000047 /* AIAdviceGenerator.swift */, B10000000000000000000048 /* PrivacyRedactor.swift */, B10000000000000000000049 /* IntentClassifier.swift */, B1000000000000000000004A /* AdviceSafetyValidator.swift */, B1000000000000000000004B /* AskMindBudgetService.swift */, B1000000000000000000004F /* CycleSummaryService.swift */, B10000000000000000000041 /* NotificationScheduler.swift */, B10000000000000000000042 /* PrivacyDeletionService.swift */,); path = Services; sourceTree = "<group>"; };
		C10000000000000000000009 /* Features */ = {isa = PBXGroup; children = (C1000000000000000000000D /* Onboarding */, C1000000000000000000000E /* Dashboard */, C1000000000000000000000F /* AddExpense */, C10000000000000000000019 /* Income */, C10000000000000000000010 /* ExpenseList */, C10000000000000000000011 /* Insights */, C10000000000000000000012 /* Wishlist */, C10000000000000000000013 /* AskMindBudget */, C10000000000000000000014 /* Settings */, C1000000000000000000001B /* Commerce */, C10000000000000000000015 /* Shared */,); path = Features; sourceTree = "<group>"; };
		C1000000000000000000000A /* AppIntents */ = {isa = PBXGroup; children = (B10000000000000000000053 /* IntentSupport.swift */, B10000000000000000000054 /* IntentMoneyTransport.swift */, C10000000000000000000016 /* Entities */, C10000000000000000000017 /* Intents */,); path = AppIntents; sourceTree = "<group>"; };
		C1000000000000000000000B /* Resources */ = {isa = PBXGroup; children = (B1000000000000000000000D /* Assets.xcassets */, B10000000000000000000005 /* Localizable.xcstrings */, B1000000000000000000005C /* AppShortcuts.xcstrings */, B10000000000000000000060 /* InfoPlist.xcstrings */, B10000000000000000000006 /* PrivacyInfo.xcprivacy */, B1000000000000000000004E /* BannedPhrases.json */,); path = Resources; sourceTree = "<group>"; };
		C1000000000000000000000C /* Schema */ = {isa = PBXGroup; children = (B1000000000000000000001C /* SchemaV1.swift */, B10000000000000000000064 /* SchemaV2.swift */, B1000000000000000000001D /* MigrationPlan.swift */,); path = Schema; sourceTree = "<group>"; };
		C1000000000000000000000D /* Onboarding */ = {isa = PBXGroup; children = (B10000000000000000000030 /* OnboardingView.swift */,); path = Onboarding; sourceTree = "<group>"; };
		C1000000000000000000000E /* Dashboard */ = {isa = PBXGroup; children = (B10000000000000000000031 /* DashboardView.swift */,); path = Dashboard; sourceTree = "<group>"; };
		C1000000000000000000000F /* AddExpense */ = {isa = PBXGroup; children = (B10000000000000000000032 /* AddExpenseView.swift */,); path = AddExpense; sourceTree = "<group>"; };
		C10000000000000000000010 /* ExpenseList */ = {isa = PBXGroup; children = (B10000000000000000000033 /* ExpenseListView.swift */,); path = ExpenseList; sourceTree = "<group>"; };
		C10000000000000000000011 /* Insights */ = {isa = PBXGroup; children = (B10000000000000000000034 /* InsightsView.swift */,); path = Insights; sourceTree = "<group>"; };
		C10000000000000000000012 /* Wishlist */ = {isa = PBXGroup; children = (B10000000000000000000035 /* WishlistView.swift */, B1000000000000000000003A /* AddWishItemView.swift */, B1000000000000000000003B /* WishlistDetailView.swift */, B1000000000000000000003C /* CoolingOffView.swift */,); path = Wishlist; sourceTree = "<group>"; };
		C10000000000000000000013 /* AskMindBudget */ = {isa = PBXGroup; children = (B1000000000000000000004C /* AskMindBudgetView.swift */,); path = AskMindBudget; sourceTree = "<group>"; };
		C10000000000000000000014 /* Settings */ = {isa = PBXGroup; children = (B10000000000000000000036 /* SettingsView.swift */, B10000000000000000000044 /* ExportDataView.swift */, B10000000000000000000045 /* PrivacySettingsView.swift */, B1000000000000000000004D /* AIStatusView.swift */,); path = Settings; sourceTree = "<group>"; };
		C10000000000000000000015 /* Shared */ = {isa = PBXGroup; children = (B10000000000000000000061 /* AppTheme.swift */, B1000000000000000000002F /* SharedViews.swift */,); path = Shared; sourceTree = "<group>"; };
		C1000000000000000000001B /* Commerce */ = {isa = PBXGroup; children = (B10000000000000000000076 /* ProSubscriptionView.swift */,); path = Commerce; sourceTree = "<group>"; };
		C10000000000000000000016 /* Entities */ = {isa = PBXGroup; children = (B10000000000000000000055 /* MindBudgetEntities.swift */, B10000000000000000000056 /* IntentEnums.swift */,); path = Entities; sourceTree = "<group>"; };
		C10000000000000000000017 /* Intents */ = {isa = PBXGroup; children = (B10000000000000000000057 /* MindBudgetIntents.swift */,); path = Intents; sourceTree = "<group>"; };
		C10000000000000000000018 /* Config */ = {isa = PBXGroup; children = (B1000000000000000000000E /* Shared.xcconfig */, B10000000000000000000071 /* MindBudgetPro.storekit */,); path = Config; sourceTree = "<group>"; };
		C10000000000000000000019 /* Income */ = {isa = PBXGroup; children = (B10000000000000000000065 /* AddIncomeView.swift */,); path = Income; sourceTree = "<group>"; };
		C1000000000000000000001A /* Commerce */ = {isa = PBXGroup; children = (B10000000000000000000067 /* EntitlementDomain.swift */, B10000000000000000000069 /* FeatureAccessService.swift */, B10000000000000000000072 /* StoreCatalog.swift */, B10000000000000000000073 /* EntitlementStore.swift */, B10000000000000000000077 /* TrialLifecycle.swift */, B10000000000000000000079 /* PublicConfiguration.swift */, B1000000000000000000007B /* PublicConfigurationTransport.swift */,); path = Commerce; sourceTree = "<group>"; };
/* End PBXGroup section */

/* Begin PBXNativeTarget section */
		D10000000000000000000001 /* MindBudget */ = {
			isa = PBXNativeTarget;
			buildConfigurationList = H10000000000000000000002 /* Build configuration list for PBXNativeTarget "MindBudget" */;
			buildPhases = (F10000000000000000000001 /* Sources */, F10000000000000000000002 /* Frameworks */, F10000000000000000000003 /* Resources */,);
			buildRules = ();
			dependencies = ();
			name = MindBudget;
			productName = MindBudget;
			productReference = B10000000000000000000009 /* MindBudget.app */;
			productType = "com.apple.product-type.application";
		};
		D10000000000000000000002 /* MindBudgetTests */ = {
			isa = PBXNativeTarget;
			buildConfigurationList = H10000000000000000000003 /* Build configuration list for PBXNativeTarget "MindBudgetTests" */;
			buildPhases = (F10000000000000000000004 /* Sources */, F10000000000000000000005 /* Frameworks */, F10000000000000000000006 /* Resources */,);
			buildRules = ();
			dependencies = (I10000000000000000000001 /* PBXTargetDependency */,);
			name = MindBudgetTests;
			productName = MindBudgetTests;
			productReference = B1000000000000000000000A /* MindBudgetTests.xctest */;
			productType = "com.apple.product-type.bundle.unit-test";
		};
		D10000000000000000000003 /* MindBudgetUITests */ = {
			isa = PBXNativeTarget;
			buildConfigurationList = H10000000000000000000004 /* Build configuration list for PBXNativeTarget "MindBudgetUITests" */;
			buildPhases = (F10000000000000000000007 /* Sources */, F10000000000000000000008 /* Frameworks */, F10000000000000000000009 /* Resources */,);
			buildRules = ();
			dependencies = (I10000000000000000000002 /* PBXTargetDependency */,);
			name = MindBudgetUITests;
			productName = MindBudgetUITests;
			productReference = B1000000000000000000000B /* MindBudgetUITests.xctest */;
			productType = "com.apple.product-type.bundle.ui-testing";
		};
/* End PBXNativeTarget section */

/* Begin PBXProject section */
		E10000000000000000000001 /* Project object */ = {
			isa = PBXProject;
			attributes = {
				BuildIndependentTargetsInParallel = 1;
				LastSwiftUpdateCheck = 2660;
				LastUpgradeCheck = 2660;
				TargetAttributes = {
					D10000000000000000000001 = {CreatedOnToolsVersion = 26.6; };
					D10000000000000000000002 = {CreatedOnToolsVersion = 26.6; TestTargetID = D10000000000000000000001; };
					D10000000000000000000003 = {CreatedOnToolsVersion = 26.6; TestTargetID = D10000000000000000000001; };
				};
			};
			buildConfigurationList = H10000000000000000000001 /* Build configuration list for PBXProject "MindBudget" */;
			compatibilityVersion = "Xcode 14.0";
			developmentRegion = en;
			hasScannedForEncodings = 0;
			knownRegions = (en, Base, "zh-Hans",);
			mainGroup = C10000000000000000000000;
			productRefGroup = C10000000000000000000004 /* Products */;
			projectDirPath = "";
			projectRoot = "";
			targets = (D10000000000000000000001 /* MindBudget */, D10000000000000000000002 /* MindBudgetTests */, D10000000000000000000003 /* MindBudgetUITests */,);
		};
/* End PBXProject section */

/* Begin PBXResourcesBuildPhase section */
		F10000000000000000000003 /* Resources */ = {isa = PBXResourcesBuildPhase; buildActionMask = 2147483647; files = (A1000000000000000000000B /* Assets.xcassets in Resources */, A10000000000000000000005 /* Localizable.xcstrings in Resources */, A10000000000000000000059 /* AppShortcuts.xcstrings in Resources */, A1000000000000000000005D /* InfoPlist.xcstrings in Resources */, A10000000000000000000006 /* PrivacyInfo.xcprivacy in Resources */, A1000000000000000000004B /* BannedPhrases.json in Resources */,); runOnlyForDeploymentPostprocessing = 0; };
		F10000000000000000000006 /* Resources */ = {isa = PBXResourcesBuildPhase; buildActionMask = 2147483647; files = (A10000000000000000000071 /* MindBudgetPro.storekit in Resources */,); runOnlyForDeploymentPostprocessing = 0; };
		F10000000000000000000009 /* Resources */ = {isa = PBXResourcesBuildPhase; buildActionMask = 2147483647; files = (); runOnlyForDeploymentPostprocessing = 0; };
/* End PBXResourcesBuildPhase section */

/* Begin PBXSourcesBuildPhase section */
		F10000000000000000000001 /* Sources */ = {isa = PBXSourcesBuildPhase; buildActionMask = 2147483647; files = (A10000000000000000000067 /* EntitlementDomain.swift in Sources */, A10000000000000000000069 /* FeatureAccessService.swift in Sources */, A10000000000000000000072 /* StoreCatalog.swift in Sources */, A10000000000000000000073 /* EntitlementStore.swift in Sources */, A10000000000000000000077 /* TrialLifecycle.swift in Sources */, A10000000000000000000079 /* PublicConfiguration.swift in Sources */, A1000000000000000000007B /* PublicConfigurationTransport.swift in Sources */, A10000000000000000000076 /* ProSubscriptionView.swift in Sources */, A1000000000000000000005E /* AppTheme.swift in Sources */, A10000000000000000000001 /* MindBudgetApp.swift in Sources */, A10000000000000000000002 /* AppRouter.swift in Sources */, A10000000000000000000003 /* AppEnvironment.swift in Sources */, A10000000000000000000004 /* FeatureFlags.swift in Sources */, A1000000000000000000000C /* Money.swift in Sources */, A1000000000000000000000D /* Enums.swift in Sources */, A1000000000000000000000E /* WishItemStateMachine.swift in Sources */, A1000000000000000000000F /* Projections.swift in Sources */, A10000000000000000000010 /* Expense.swift in Sources */, A10000000000000000000063 /* Income.swift in Sources */, A10000000000000000000011 /* BudgetPlan.swift in Sources */, A10000000000000000000012 /* CategoryBudget.swift in Sources */, A10000000000000000000013 /* WishItem.swift in Sources */, A10000000000000000000014 /* CoolingOffPlan.swift in Sources */, A10000000000000000000015 /* SpendingInsight.swift in Sources */, A10000000000000000000016 /* ReflectionLog.swift in Sources */, A10000000000000000000017 /* Merchant.swift in Sources */, A10000000000000000000018 /* ReminderEvent.swift in Sources */, A10000000000000000000019 /* SchemaV1.swift in Sources */, A10000000000000000000064 /* SchemaV2.swift in Sources */, A1000000000000000000001A /* MigrationPlan.swift in Sources */, A1000000000000000000001B /* RuleConfiguration.swift in Sources */, A1000000000000000000001C /* SettingsStore.swift in Sources */, A1000000000000000000004E /* SystemIntegrationCapability.swift in Sources */, A1000000000000000000005A /* OnscreenAwareness.swift in Sources */, A1000000000000000000004F /* SpotlightIndexingService.swift in Sources */, A1000000000000000000001D /* DataTransferObjects.swift in Sources */, A1000000000000000000001E /* DataController.swift in Sources */, A1000000000000000000001F /* DataActor.swift in Sources */, A10000000000000000000020 /* SampleDataFactory.swift in Sources */, A10000000000000000000040 /* CSVExporter.swift in Sources */, A10000000000000000000026 /* BudgetEngine.swift in Sources */, A10000000000000000000027 /* BudgetCycleCalculator.swift in Sources */, A10000000000000000000028 /* CurrencyFormatterService.swift in Sources */, A10000000000000000000035 /* CoolingOffCountdown.swift in Sources */, A1000000000000000000003A /* SpendingPatternDetector.swift in Sources */, A1000000000000000000003B /* ReminderThrottle.swift in Sources */, A1000000000000000000003C /* ReminderEngine.swift in Sources */, A10000000000000000000044 /* AIAdviceGenerator.swift in Sources */, A10000000000000000000045 /* PrivacyRedactor.swift in Sources */, A10000000000000000000046 /* IntentClassifier.swift in Sources */, A10000000000000000000047 /* AdviceSafetyValidator.swift in Sources */, A10000000000000000000048 /* AskMindBudgetService.swift in Sources */, A1000000000000000000004C /* CycleSummaryService.swift in Sources */, A1000000000000000000003E /* NotificationScheduler.swift in Sources */, A1000000000000000000003F /* PrivacyDeletionService.swift in Sources */, A10000000000000000000050 /* IntentSupport.swift in Sources */, A10000000000000000000051 /* IntentMoneyTransport.swift in Sources */, A10000000000000000000052 /* MindBudgetEntities.swift in Sources */, A10000000000000000000053 /* IntentEnums.swift in Sources */, A10000000000000000000054 /* MindBudgetIntents.swift in Sources */, A1000000000000000000002C /* SharedViews.swift in Sources */, A1000000000000000000002D /* OnboardingView.swift in Sources */, A1000000000000000000002E /* DashboardView.swift in Sources */, A1000000000000000000002F /* AddExpenseView.swift in Sources */, A10000000000000000000065 /* AddIncomeView.swift in Sources */, A10000000000000000000030 /* ExpenseListView.swift in Sources */, A10000000000000000000031 /* InsightsView.swift in Sources */, A10000000000000000000032 /* WishlistView.swift in Sources */, A10000000000000000000037 /* AddWishItemView.swift in Sources */, A10000000000000000000038 /* WishlistDetailView.swift in Sources */, A10000000000000000000039 /* CoolingOffView.swift in Sources */, A10000000000000000000049 /* AskMindBudgetView.swift in Sources */, A10000000000000000000033 /* SettingsView.swift in Sources */, A10000000000000000000041 /* ExportDataView.swift in Sources */, A10000000000000000000042 /* PrivacySettingsView.swift in Sources */, A1000000000000000000004A /* AIStatusView.swift in Sources */,); runOnlyForDeploymentPostprocessing = 0; };
		F10000000000000000000004 /* Sources */ = {isa = PBXSourcesBuildPhase; buildActionMask = 2147483647; files = (A10000000000000000000068 /* CommercializationEntitlementTests.swift in Sources */, A10000000000000000000070 /* StoreKitTestCatalogTests.swift in Sources */, A10000000000000000000074 /* StoreRuntimeTests.swift in Sources */, A10000000000000000000075 /* StoreLifecycleDomainTests.swift in Sources */, A10000000000000000000078 /* TrialLifecycleTests.swift in Sources */, A1000000000000000000007A /* PublicConfigurationTests.swift in Sources */, A1000000000000000000007C /* PublicConfigurationTransportTests.swift in Sources */, A10000000000000000000025 /* TestFixtures.swift in Sources */, A10000000000000000000007 /* LocalizationTests.swift in Sources */, A10000000000000000000021 /* MoneyTests.swift in Sources */, A10000000000000000000022 /* ModelContractTests.swift in Sources */, A10000000000000000000023 /* SettingsStoreTests.swift in Sources */, A10000000000000000000024 /* DataActorTests.swift in Sources */, A10000000000000000000029 /* BudgetEngineTests.swift in Sources */, A1000000000000000000002A /* DateBoundaryTests.swift in Sources */, A1000000000000000000002B /* CurrencyFormatterServiceTests.swift in Sources */, A10000000000000000000034 /* Phase3FeatureTests.swift in Sources */, A10000000000000000000036 /* Phase4FeatureTests.swift in Sources */, A1000000000000000000003D /* Phase5FeatureTests.swift in Sources */, A10000000000000000000043 /* Phase6FeatureTests.swift in Sources */, A1000000000000000000004D /* Phase7FeatureTests.swift in Sources */, A10000000000000000000058 /* Phase8AFeatureTests.swift in Sources */, A1000000000000000000005B /* Phase9FeatureTests.swift in Sources */, A1000000000000000000005C /* Phase10ReleaseReadinessTests.swift in Sources */, A10000000000000000000066 /* Phase11FreeTierTests.swift in Sources */,); runOnlyForDeploymentPostprocessing = 0; };
		F10000000000000000000007 /* Sources */ = {isa = PBXSourcesBuildPhase; buildActionMask = 2147483647; files = (A10000000000000000000009 /* MindBudgetPhase3UITests.swift in Sources */,); runOnlyForDeploymentPostprocessing = 0; };
/* End PBXSourcesBuildPhase section */

/* Begin PBXTargetDependency section */
		I10000000000000000000001 /* PBXTargetDependency */ = {isa = PBXTargetDependency; target = D10000000000000000000001 /* MindBudget */; targetProxy = J10000000000000000000001 /* PBXContainerItemProxy */; };
		I10000000000000000000002 /* PBXTargetDependency */ = {isa = PBXTargetDependency; target = D10000000000000000000001 /* MindBudget */; targetProxy = J10000000000000000000002 /* PBXContainerItemProxy */; };
/* End PBXTargetDependency section */

/* Begin XCBuildConfiguration section */
		G10000000000000000000001 /* Debug */ = {isa = XCBuildConfiguration; baseConfigurationReference = B1000000000000000000000E /* Shared.xcconfig */; buildSettings = {ALWAYS_SEARCH_USER_PATHS = NO; CLANG_ENABLE_MODULES = YES; CLANG_ENABLE_OBJC_ARC = YES; COPY_PHASE_STRIP = NO; DEBUG_INFORMATION_FORMAT = dwarf; ENABLE_TESTABILITY = YES; GCC_C_LANGUAGE_STANDARD = gnu17; GCC_OPTIMIZATION_LEVEL = 0; IPHONEOS_DEPLOYMENT_TARGET = 17.0; ONLY_ACTIVE_ARCH = YES; SDKROOT = iphoneos; SWIFT_ACTIVE_COMPILATION_CONDITIONS = "DEBUG $(inherited)"; SWIFT_OPTIMIZATION_LEVEL = "-Onone"; }; name = Debug; };
		G10000000000000000000002 /* Release */ = {isa = XCBuildConfiguration; baseConfigurationReference = B1000000000000000000000E /* Shared.xcconfig */; buildSettings = {ALWAYS_SEARCH_USER_PATHS = NO; CLANG_ENABLE_MODULES = YES; CLANG_ENABLE_OBJC_ARC = YES; COPY_PHASE_STRIP = NO; DEBUG_INFORMATION_FORMAT = "dwarf-with-dsym"; ENABLE_NS_ASSERTIONS = NO; GCC_C_LANGUAGE_STANDARD = gnu17; IPHONEOS_DEPLOYMENT_TARGET = 17.0; SDKROOT = iphoneos; SWIFT_COMPILATION_MODE = wholemodule; VALIDATE_PRODUCT = YES; }; name = Release; };
		G10000000000000000000003 /* Debug */ = {isa = XCBuildConfiguration; buildSettings = {ASSETCATALOG_COMPILER_APPICON_NAME = AppIcon; ASSETCATALOG_COMPILER_GLOBAL_ACCENT_COLOR_NAME = AccentColor; CODE_SIGN_STYLE = Automatic; CURRENT_PROJECT_VERSION = 7; ENABLE_PREVIEWS = YES; GENERATE_INFOPLIST_FILE = YES; INFOPLIST_KEY_CFBundleDisplayName = MindBudget; INFOPLIST_KEY_LSApplicationCategoryType = "public.app-category.finance"; INFOPLIST_KEY_NSFaceIDUsageDescription = "Use Face ID to protect your local budget records."; INFOPLIST_KEY_UILaunchScreen_Generation = YES; IPHONEOS_DEPLOYMENT_TARGET = 17.0; MARKETING_VERSION = 0.9.6; PRODUCT_BUNDLE_IDENTIFIER = "$(MINDBUDGET_BUNDLE_ID_PREFIX).MindBudget"; PRODUCT_NAME = "$(TARGET_NAME)"; SUPPORTED_PLATFORMS = "iphoneos iphonesimulator"; SUPPORTS_MACCATALYST = NO; SWIFT_EMIT_LOC_STRINGS = YES; SWIFT_STRICT_CONCURRENCY = complete; SWIFT_VERSION = 6.0; TARGETED_DEVICE_FAMILY = 1; }; name = Debug; };
		G10000000000000000000004 /* Release */ = {isa = XCBuildConfiguration; buildSettings = {ASSETCATALOG_COMPILER_APPICON_NAME = AppIcon; ASSETCATALOG_COMPILER_GLOBAL_ACCENT_COLOR_NAME = AccentColor; CODE_SIGN_STYLE = Automatic; CURRENT_PROJECT_VERSION = 7; ENABLE_PREVIEWS = YES; GENERATE_INFOPLIST_FILE = YES; INFOPLIST_KEY_CFBundleDisplayName = MindBudget; INFOPLIST_KEY_LSApplicationCategoryType = "public.app-category.finance"; INFOPLIST_KEY_NSFaceIDUsageDescription = "Use Face ID to protect your local budget records."; INFOPLIST_KEY_UILaunchScreen_Generation = YES; IPHONEOS_DEPLOYMENT_TARGET = 17.0; MARKETING_VERSION = 0.9.6; PRODUCT_BUNDLE_IDENTIFIER = "$(MINDBUDGET_BUNDLE_ID_PREFIX).MindBudget"; PRODUCT_NAME = "$(TARGET_NAME)"; SUPPORTED_PLATFORMS = "iphoneos iphonesimulator"; SUPPORTS_MACCATALYST = NO; SWIFT_EMIT_LOC_STRINGS = YES; SWIFT_STRICT_CONCURRENCY = complete; SWIFT_VERSION = 6.0; TARGETED_DEVICE_FAMILY = 1; }; name = Release; };
		G10000000000000000000005 /* Debug */ = {isa = XCBuildConfiguration; buildSettings = {BUNDLE_LOADER = "$(TEST_HOST)"; CODE_SIGN_STYLE = Automatic; GENERATE_INFOPLIST_FILE = YES; IPHONEOS_DEPLOYMENT_TARGET = 17.0; LD_RUNPATH_SEARCH_PATHS = ("$(inherited)", "@executable_path/Frameworks", "@loader_path/Frameworks",); PRODUCT_BUNDLE_IDENTIFIER = "$(MINDBUDGET_BUNDLE_ID_PREFIX).MindBudgetTests"; PRODUCT_NAME = "$(TARGET_NAME)"; SUPPORTED_PLATFORMS = "iphoneos iphonesimulator"; SWIFT_STRICT_CONCURRENCY = complete; SWIFT_VERSION = 6.0; TARGETED_DEVICE_FAMILY = 1; TEST_HOST = "$(BUILT_PRODUCTS_DIR)/MindBudget.app/$(BUNDLE_EXECUTABLE_FOLDER_PATH)/MindBudget"; }; name = Debug; };
		G10000000000000000000006 /* Release */ = {isa = XCBuildConfiguration; buildSettings = {BUNDLE_LOADER = "$(TEST_HOST)"; CODE_SIGN_STYLE = Automatic; GENERATE_INFOPLIST_FILE = YES; IPHONEOS_DEPLOYMENT_TARGET = 17.0; LD_RUNPATH_SEARCH_PATHS = ("$(inherited)", "@executable_path/Frameworks", "@loader_path/Frameworks",); PRODUCT_BUNDLE_IDENTIFIER = "$(MINDBUDGET_BUNDLE_ID_PREFIX).MindBudgetTests"; PRODUCT_NAME = "$(TARGET_NAME)"; SUPPORTED_PLATFORMS = "iphoneos iphonesimulator"; SWIFT_STRICT_CONCURRENCY = complete; SWIFT_VERSION = 6.0; TARGETED_DEVICE_FAMILY = 1; TEST_HOST = "$(BUILT_PRODUCTS_DIR)/MindBudget.app/$(BUNDLE_EXECUTABLE_FOLDER_PATH)/MindBudget"; }; name = Release; };
		G10000000000000000000007 /* Debug */ = {isa = XCBuildConfiguration; buildSettings = {CODE_SIGN_STYLE = Automatic; GENERATE_INFOPLIST_FILE = YES; IPHONEOS_DEPLOYMENT_TARGET = 17.0; LD_RUNPATH_SEARCH_PATHS = ("$(inherited)", "@executable_path/Frameworks", "@loader_path/Frameworks",); PRODUCT_BUNDLE_IDENTIFIER = "$(MINDBUDGET_BUNDLE_ID_PREFIX).MindBudgetUITests"; PRODUCT_NAME = "$(TARGET_NAME)"; SUPPORTED_PLATFORMS = "iphoneos iphonesimulator"; SWIFT_STRICT_CONCURRENCY = complete; SWIFT_VERSION = 6.0; TARGETED_DEVICE_FAMILY = 1; TEST_TARGET_NAME = MindBudget; }; name = Debug; };
		G10000000000000000000008 /* Release */ = {isa = XCBuildConfiguration; buildSettings = {CODE_SIGN_STYLE = Automatic; GENERATE_INFOPLIST_FILE = YES; IPHONEOS_DEPLOYMENT_TARGET = 17.0; LD_RUNPATH_SEARCH_PATHS = ("$(inherited)", "@executable_path/Frameworks", "@loader_path/Frameworks",); PRODUCT_BUNDLE_IDENTIFIER = "$(MINDBUDGET_BUNDLE_ID_PREFIX).MindBudgetUITests"; PRODUCT_NAME = "$(TARGET_NAME)"; SUPPORTED_PLATFORMS = "iphoneos iphonesimulator"; SWIFT_STRICT_CONCURRENCY = complete; SWIFT_VERSION = 6.0; TARGETED_DEVICE_FAMILY = 1; TEST_TARGET_NAME = MindBudget; }; name = Release; };
/* End XCBuildConfiguration section */

/* Begin XCConfigurationList section */
		H10000000000000000000001 /* Build configuration list for PBXProject "MindBudget" */ = {isa = XCConfigurationList; buildConfigurations = (G10000000000000000000001 /* Debug */, G10000000000000000000002 /* Release */,); defaultConfigurationIsVisible = 0; defaultConfigurationName = Release; };
		H10000000000000000000002 /* Build configuration list for PBXNativeTarget "MindBudget" */ = {isa = XCConfigurationList; buildConfigurations = (G10000000000000000000003 /* Debug */, G10000000000000000000004 /* Release */,); defaultConfigurationIsVisible = 0; defaultConfigurationName = Release; };
		H10000000000000000000003 /* Build configuration list for PBXNativeTarget "MindBudgetTests" */ = {isa = XCConfigurationList; buildConfigurations = (G10000000000000000000005 /* Debug */, G10000000000000000000006 /* Release */,); defaultConfigurationIsVisible = 0; defaultConfigurationName = Release; };
		H10000000000000000000004 /* Build configuration list for PBXNativeTarget "MindBudgetUITests" */ = {isa = XCConfigurationList; buildConfigurations = (G10000000000000000000007 /* Debug */, G10000000000000000000008 /* Release */,); defaultConfigurationIsVisible = 0; defaultConfigurationName = Release; };
/* End XCConfigurationList section */
	};
	rootObject = E10000000000000000000001 /* Project object */;
}
