<?xml version="1.0" encoding="UTF-8"?>
<Scheme LastUpgradeVersion="2700" version="1.3">
 <BuildAction parallelizeBuildables="NO" buildImplicitDependencies="NO">
  <BuildActionEntries><BuildActionEntry buildForTesting="NO" buildForRunning="NO" buildForProfiling="NO" buildForArchiving="NO" buildForAnalyzing="YES">
   <BuildableReference BuildableIdentifier="primary" BlueprintIdentifier="A00000000000000000000005" BuildableName="MindBudgetFXCloudProbe.app" BlueprintName="MindBudgetFXCloudProbe" ReferencedContainer="container:FXCloudProbe.xcodeproj"/>
  </BuildActionEntry></BuildActionEntries>
 </BuildAction>
 <AnalyzeAction buildConfiguration="Debug"/>
</Scheme>
